schema: '2.0'
stages:
  run@unstructured:
    cmd:
    - source ../../devel/setup.zsh && cd lmpcc_tools/scripts && python3 experiments/fully_social_planning_benchmark/main.py
      parameters True
    - source ../../devel/setup.zsh && roslaunch lmpcc jackalsimulator.launch overwrite_pedestrian_scenario:=true
      pedestrian_scenario:="random_social/16_straight.xml" project_name:="../../../../../../../Documents/publications/multi-mpc-2023/results/data"
    - source ../../devel/setup.zsh && cd lmpcc_tools/scripts && python3 experiments/fully_social_planning_benchmark/main.py
      restore
    deps:
    - path: lmpcc/include/generated/ConfigurationGMPCC
      md5: b33dffc8ef9464f7bcf1ae739b90bbfa
      size: 41
    - path: lmpcc_tools/scripts/experiments/fully_social_planning_benchmark/set_parameters.py
      md5: 0f85473baceb35fbc2aa97315c9e707d
      size: 1005
    params:
      ../pedestrian_simulator/config/configuration.yaml:
        pedestrian_simulator.pedestrians.seed: 5
      lmpcc/config/path.yaml:
        global_path.x:
        - 0
        - 3
        - 6
        - 9
        - 12
        - 15
        - 18
        - 21
        - 24
        - 27
        - 30
        - 33
        - 36
        - 39
        - 42
        - 45
        - 50
    outs:
    - path: lmpcc_tools/scripts/data/../../../../../../../Documents/publications/multi-mpc-2023/results/data/fully-random_social-16_straight_GMPCC.txt
      md5: cf6ec4ee7d2fb63d1a4bd3509e86d9d3
      size: 215823118
  evaluate@unstructured:
    cmd: source ~/.zshrc && cd src/lmpcc/lmpcc_tools/scripts && python3 metrics.py
      fully-random_social-16_straight GMPCC && cd ../../../..
    deps:
    - path: lmpcc_tools/scripts/data/../../../../../../../Documents/publications/multi-mpc-2023/results/data/fully-random_social-16_straight_GMPCC.txt
      md5: cf6ec4ee7d2fb63d1a4bd3509e86d9d3
      size: 215823118
    outs:
    - path: lmpcc_tools/scripts/data/../../../../../../../Documents/publications/multi-mpc-2023/results/metrics/fully-random_social-16_straight/GMPCC.json
      md5: ca0c61615fe13b4e2b93b4e7940a0796
      size: 2508
  compare@unstructured:
    cmd: source ~/.zshrc && cd src/lmpcc/lmpcc_tools/scripts && python3 compare.py
      random_fast-16_straight
    deps:
    - path: lmpcc_tools/scripts/compare.py
      md5: 2b5f5445f1008713d465b3088ab1d8ab
      size: 11388
    - path: lmpcc_tools/scripts/data/../../../../../../../Documents/publications/multi-mpc-2023/results/metrics/random_fast-16_straight/GMPCC.json
      md5: 32204ef46c63fff0d7bf19b5f1be44c8
      size: 4313
    outs:
    - path: lmpcc_tools/scripts/data/../../../../../../../Documents/publications/multi-mpc-2023/results/../latex/tables/random_fast-16_straight.tex
      md5: 11e8fa9f2347894b66cd8e13dbfecd32
      size: 621
  run@unstructured-easy:
    cmd:
    - source ../../devel/setup.zsh && cd lmpcc_tools/scripts && python3 experiments/planning_benchmark/main.py
      parameters True
    - source ../../devel/setup.zsh && roslaunch lmpcc jackalsimulator.launch overwrite_pedestrian_scenario:=true
      pedestrian_scenario:="random_fast/8_straight.xml" project_name:="../../../../../../../Documents/publications/multi-mpc-2023/results/data"
    - source ../../devel/setup.zsh && cd lmpcc_tools/scripts && python3 experiments/planning_benchmark/main.py
      restore
    deps:
    - path: lmpcc/include/generated/ConfigurationGMPCC
      md5: b33dffc8ef9464f7bcf1ae739b90bbfa
      size: 41
    - path: lmpcc_tools/scripts/experiments/planning_benchmark/set_parameters.py
      md5: a5a583c8c59cbf521b2f3e2b312a6f4b
      size: 693
    params:
      ../pedestrian_simulator/config/configuration.yaml:
        pedestrian_simulator.pedestrians.seed: 5
      lmpcc/config/path.yaml:
        global_path.x:
        - 0
        - 3
        - 6
        - 9
        - 12
        - 15
        - 18
        - 21
        - 24
        - 27
        - 30
        - 33
        - 36
        - 39
        - 42
        - 45
        - 50
    outs:
    - path: lmpcc_tools/scripts/data/../../../../../../../Documents/publications/multi-mpc-2023/results/data/random_fast-8_straight_GMPCC.txt
      md5: 2734aa7505ae474ccf8ca5d94e5dc8d2
      size: 499152240
  evaluate@unstructured-easy:
    cmd: source ~/.zshrc && cd src/lmpcc/lmpcc_tools/scripts && python3 metrics.py
      random_fast-8_straight GMPCC && cd ../../../..
    deps:
    - path: lmpcc_tools/scripts/data/../../../../../../../Documents/publications/multi-mpc-2023/results/data/random_fast-8_straight_GMPCC.txt
      md5: 2734aa7505ae474ccf8ca5d94e5dc8d2
      size: 499152240
    outs:
    - path: lmpcc_tools/scripts/data/../../../../../../../Documents/publications/multi-mpc-2023/results/metrics/random_fast-8_straight/GMPCC.json
      md5: c5b6714af07589988facb7486e1f9a47
      size: 4921
  run@unstructured-medium:
    cmd:
    - source ../../devel/setup.zsh && cd lmpcc_tools/scripts && python3 experiments/fully_social_planning_benchmark/main.py
      parameters True
    - source ../../devel/setup.zsh && roslaunch lmpcc jackalsimulator.launch overwrite_pedestrian_scenario:=true
      pedestrian_scenario:="random_social/12_straight.xml" project_name:="../../../../../../../Documents/publications/multi-mpc-2023/results/data"
    - source ../../devel/setup.zsh && cd lmpcc_tools/scripts && python3 experiments/fully_social_planning_benchmark/main.py
      restore
    deps:
    - path: lmpcc/include/generated/ConfigurationGMPCC
      md5: b33dffc8ef9464f7bcf1ae739b90bbfa
      size: 41
    - path: lmpcc_tools/scripts/experiments/fully_social_planning_benchmark/set_parameters.py
      md5: 0f85473baceb35fbc2aa97315c9e707d
      size: 1005
    params:
      ../pedestrian_simulator/config/configuration.yaml:
        pedestrian_simulator.pedestrians.seed: 5
      lmpcc/config/path.yaml:
        global_path.x:
        - 0
        - 3
        - 6
        - 9
        - 12
        - 15
        - 18
        - 21
        - 24
        - 27
        - 30
        - 33
        - 36
        - 39
        - 42
        - 45
        - 50
    outs:
    - path: lmpcc_tools/scripts/data/../../../../../../../Documents/publications/multi-mpc-2023/results/data/fully-random_social-12_straight_GMPCC.txt
      md5: ce8cadb69154b2603aa68c92e61d4c64
      size: 208094460
  run@unstructured-super-easy:
    cmd:
    - source ../../devel/setup.zsh && cd lmpcc_tools/scripts && python3 experiments/planning_benchmark/main.py
      parameters True
    - source ../../devel/setup.zsh && roslaunch lmpcc jackalsimulator.launch overwrite_pedestrian_scenario:=true
      pedestrian_scenario:="random_fast/4_straight.xml" project_name:="../../../../../../../Documents/publications/multi-mpc-2023/results/data"
    - source ../../devel/setup.zsh && cd lmpcc_tools/scripts && python3 experiments/planning_benchmark/main.py
      restore
    deps:
    - path: lmpcc/include/generated/ConfigurationGMPCC
      md5: b33dffc8ef9464f7bcf1ae739b90bbfa
      size: 41
    - path: lmpcc_tools/scripts/experiments/planning_benchmark/set_parameters.py
      md5: a5a583c8c59cbf521b2f3e2b312a6f4b
      size: 693
    params:
      ../pedestrian_simulator/config/configuration.yaml:
        pedestrian_simulator.pedestrians.seed: 5
      lmpcc/config/path.yaml:
        global_path.x:
        - 0
        - 3
        - 6
        - 9
        - 12
        - 15
        - 18
        - 21
        - 24
        - 27
        - 30
        - 33
        - 36
        - 39
        - 42
        - 45
        - 50
    outs:
    - path: lmpcc_tools/scripts/data/../../../../../../../Documents/publications/multi-mpc-2023/results/data/random_fast-4_straight_GMPCC.txt
      md5: f622b4653b412b86038daa5a25778929
      size: 463861374
  evaluate@unstructured-super-easy:
    cmd: source ~/.zshrc && cd src/lmpcc/lmpcc_tools/scripts && python3 metrics.py
      random_fast-4_straight GMPCC && cd ../../../..
    deps:
    - path: lmpcc_tools/scripts/data/../../../../../../../Documents/publications/multi-mpc-2023/results/data/random_fast-4_straight_GMPCC.txt
      md5: f622b4653b412b86038daa5a25778929
      size: 463861374
    outs:
    - path: lmpcc_tools/scripts/data/../../../../../../../Documents/publications/multi-mpc-2023/results/metrics/random_fast-4_straight/GMPCC.json
      md5: 9c77dd58e203be6f804bc07f25d793b6
      size: 4901
  evaluate@unstructured-medium:
    cmd: source ~/.zshrc && cd src/lmpcc/lmpcc_tools/scripts && python3 metrics.py
      fully-random_social-12_straight GMPCC && cd ../../../..
    deps:
    - path: lmpcc_tools/scripts/data/../../../../../../../Documents/publications/multi-mpc-2023/results/data/fully-random_social-12_straight_GMPCC.txt
      md5: ce8cadb69154b2603aa68c92e61d4c64
      size: 208094460
    outs:
    - path: lmpcc_tools/scripts/data/../../../../../../../Documents/publications/multi-mpc-2023/results/metrics/fully-random_social-12_straight/GMPCC.json
      md5: 86fe8f5063e1c6624cddebed4bb1147e
      size: 2491
  compare@unstructured-medium:
    cmd: source ~/.zshrc && cd src/lmpcc/lmpcc_tools/scripts && python3 compare.py
      random_fast-12_straight
    deps:
    - path: lmpcc_tools/scripts/compare.py
      md5: 2b5f5445f1008713d465b3088ab1d8ab
      size: 11388
    - path: lmpcc_tools/scripts/data/../../../../../../../Documents/publications/multi-mpc-2023/results/metrics/random_fast-12_straight/GMPCC.json
      md5: 0ca47ab039fc4cb4075d079c4b2f109d
      size: 4315
    outs:
    - path: lmpcc_tools/scripts/data/../../../../../../../Documents/publications/multi-mpc-2023/results/../latex/tables/random_fast-12_straight.tex
      md5: c1724b8631cdde9d139141053d04f020
      size: 612
  compare@unstructured-easy:
    cmd: source ~/.zshrc && cd src/lmpcc/lmpcc_tools/scripts && python3 compare.py
      random_fast-8_straight
    deps:
    - path: lmpcc_tools/scripts/compare.py
      md5: 2b5f5445f1008713d465b3088ab1d8ab
      size: 11388
    - path: lmpcc_tools/scripts/data/../../../../../../../Documents/publications/multi-mpc-2023/results/metrics/random_fast-8_straight/GMPCC.json
      md5: edb3518f96251f448968b2365ce20de0
      size: 4305
    outs:
    - path: lmpcc_tools/scripts/data/../../../../../../../Documents/publications/multi-mpc-2023/results/../latex/tables/random_fast-8_straight.tex
      md5: f0d8836f49c664d053f63a92c7e0c678
      size: 619
  compare@unstructured-super-easy:
    cmd: source ~/.zshrc && cd src/lmpcc/lmpcc_tools/scripts && python3 compare.py
      random_fast-4_straight
    deps:
    - path: lmpcc_tools/scripts/compare.py
      md5: 2b5f5445f1008713d465b3088ab1d8ab
      size: 11388
    - path: lmpcc_tools/scripts/data/../../../../../../../Documents/publications/multi-mpc-2023/results/metrics/random_fast-4_straight/GMPCC.json
      md5: 4d1df02c9cba24cc83181c80f00f3483
      size: 4313
    outs:
    - path: lmpcc_tools/scripts/data/../../../../../../../Documents/publications/multi-mpc-2023/results/../latex/tables/random_fast-4_straight.tex
      md5: fa344c1f215570feebe0dad0b805d1bf
      size: 629
  run-lmpcc@unstructured-super-easy:
    cmd:
    - source ../../devel/setup.zsh && cd lmpcc_tools/scripts && python3 experiments/planning_benchmark/main.py
      parameters True 0
    - source ../../devel/setup.zsh && roslaunch lmpcc jackalsimulator.launch overwrite_pedestrian_scenario:=true
      pedestrian_scenario:="random_fast/4_straight.xml" project_name:="../../../../../../../Documents/publications/multi-mpc-2023/results/data"
    - source ../../devel/setup.zsh && cd lmpcc_tools/scripts && python3 experiments/planning_benchmark/main.py
      restore
    deps:
    - path: lmpcc/include/generated/ConfigurationGMPCC
      md5: b33dffc8ef9464f7bcf1ae739b90bbfa
      size: 41
    - path: lmpcc_tools/scripts/experiments/planning_benchmark/set_parameters.py
      md5: a5a583c8c59cbf521b2f3e2b312a6f4b
      size: 693
    params:
      ../pedestrian_simulator/config/configuration.yaml:
        pedestrian_simulator.pedestrians.seed: 5
      lmpcc/config/path.yaml:
        global_path.x:
        - 0
        - 3
        - 6
        - 9
        - 12
        - 15
        - 18
        - 21
        - 24
        - 27
        - 30
        - 33
        - 36
        - 39
        - 42
        - 45
        - 50
    outs:
    - path: lmpcc_tools/scripts/data/../../../../../../../Documents/publications/multi-mpc-2023/results/data/random_fast-4_straight_LMPCC.txt
      md5: c97cdc94e8f60c0fa2961aae7eb66e62
      size: 229210080
  evaluate-lmpcc@unstructured-super-easy:
    cmd: source ~/.zshrc && cd src/lmpcc/lmpcc_tools/scripts && python3 metrics.py
      random_fast-4_straight LMPCC && cd ../../../..
    deps:
    - path: lmpcc_tools/scripts/data/../../../../../../../Documents/publications/multi-mpc-2023/results/data/random_fast-4_straight_LMPCC.txt
      md5: c97cdc94e8f60c0fa2961aae7eb66e62
      size: 229210080
    outs:
    - path: lmpcc_tools/scripts/data/../../../../../../../Documents/publications/multi-mpc-2023/results/metrics/random_fast-4_straight/LMPCC.json
      md5: e57fb6257459f49951803bb79b60181b
      size: 4885
  run-lmpcc@unstructured-medium:
    cmd:
    - source ../../devel/setup.zsh && cd lmpcc_tools/scripts && python3 experiments/fully_social_planning_benchmark/main.py
      parameters True 0
    - source ../../devel/setup.zsh && roslaunch lmpcc jackalsimulator.launch overwrite_pedestrian_scenario:=true
      pedestrian_scenario:="random_social/12_straight.xml" project_name:="../../../../../../../Documents/publications/multi-mpc-2023/results/data"
    - source ../../devel/setup.zsh && cd lmpcc_tools/scripts && python3 experiments/fully_social_planning_benchmark/main.py
      restore
    deps:
    - path: lmpcc/include/generated/ConfigurationGMPCC
      md5: b33dffc8ef9464f7bcf1ae739b90bbfa
      size: 41
    - path: lmpcc_tools/scripts/experiments/fully_social_planning_benchmark/set_parameters.py
      md5: 0f85473baceb35fbc2aa97315c9e707d
      size: 1005
    params:
      ../pedestrian_simulator/config/configuration.yaml:
        pedestrian_simulator.pedestrians.seed: 5
      lmpcc/config/path.yaml:
        global_path.x:
        - 0
        - 3
        - 6
        - 9
        - 12
        - 15
        - 18
        - 21
        - 24
        - 27
        - 30
        - 33
        - 36
        - 39
        - 42
        - 45
        - 50
    outs:
    - path: lmpcc_tools/scripts/data/../../../../../../../Documents/publications/multi-mpc-2023/results/data/fully-random_social-12_straight_LMPCC.txt
      md5: 27b805cef2cf97eb1f715eb3603a92f8
      size: 110287452
  run-lmpcc@unstructured:
    cmd:
    - source ../../devel/setup.zsh && cd lmpcc_tools/scripts && python3 experiments/fully_social_planning_benchmark/main.py
      parameters True 0
    - source ../../devel/setup.zsh && roslaunch lmpcc jackalsimulator.launch overwrite_pedestrian_scenario:=true
      pedestrian_scenario:="random_social/16_straight.xml" project_name:="../../../../../../../Documents/publications/multi-mpc-2023/results/data"
    - source ../../devel/setup.zsh && cd lmpcc_tools/scripts && python3 experiments/fully_social_planning_benchmark/main.py
      restore
    deps:
    - path: lmpcc/include/generated/ConfigurationGMPCC
      md5: b33dffc8ef9464f7bcf1ae739b90bbfa
      size: 41
    - path: lmpcc_tools/scripts/experiments/fully_social_planning_benchmark/set_parameters.py
      md5: 0f85473baceb35fbc2aa97315c9e707d
      size: 1005
    params:
      ../pedestrian_simulator/config/configuration.yaml:
        pedestrian_simulator.pedestrians.seed: 5
      lmpcc/config/path.yaml:
        global_path.x:
        - 0
        - 3
        - 6
        - 9
        - 12
        - 15
        - 18
        - 21
        - 24
        - 27
        - 30
        - 33
        - 36
        - 39
        - 42
        - 45
        - 50
    outs:
    - path: lmpcc_tools/scripts/data/../../../../../../../Documents/publications/multi-mpc-2023/results/data/fully-random_social-16_straight_LMPCC.txt
      md5: 9a0763bca2af25ecafb536f768da531e
      size: 117931873
  evaluate-lmpcc@unstructured:
    cmd: source ~/.zshrc && cd src/lmpcc/lmpcc_tools/scripts && python3 metrics.py
      fully-random_social-16_straight LMPCC && cd ../../../..
    deps:
    - path: lmpcc_tools/scripts/data/../../../../../../../Documents/publications/multi-mpc-2023/results/data/fully-random_social-16_straight_LMPCC.txt
      md5: 9a0763bca2af25ecafb536f768da531e
      size: 117931873
    outs:
    - path: lmpcc_tools/scripts/data/../../../../../../../Documents/publications/multi-mpc-2023/results/metrics/fully-random_social-16_straight/LMPCC.json
      md5: c25220a1c63bd7131935617bef13e0bc
      size: 2527
  evaluate-lmpcc@unstructured-medium:
    cmd: source ~/.zshrc && cd src/lmpcc/lmpcc_tools/scripts && python3 metrics.py
      fully-random_social-12_straight LMPCC && cd ../../../..
    deps:
    - path: lmpcc_tools/scripts/data/../../../../../../../Documents/publications/multi-mpc-2023/results/data/fully-random_social-12_straight_LMPCC.txt
      md5: 27b805cef2cf97eb1f715eb3603a92f8
      size: 110287452
    outs:
    - path: lmpcc_tools/scripts/data/../../../../../../../Documents/publications/multi-mpc-2023/results/metrics/fully-random_social-12_straight/LMPCC.json
      md5: ad05aa3b38fe3821d404c8444f92d234
      size: 2461
  run-lmpcc@unstructured-easy:
    cmd:
    - source ../../devel/setup.zsh && cd lmpcc_tools/scripts && python3 experiments/planning_benchmark/main.py
      parameters True 0
    - source ../../devel/setup.zsh && roslaunch lmpcc jackalsimulator.launch overwrite_pedestrian_scenario:=true
      pedestrian_scenario:="random_fast/8_straight.xml" project_name:="../../../../../../../Documents/publications/multi-mpc-2023/results/data"
    - source ../../devel/setup.zsh && cd lmpcc_tools/scripts && python3 experiments/planning_benchmark/main.py
      restore
    deps:
    - path: lmpcc/include/generated/ConfigurationGMPCC
      md5: b33dffc8ef9464f7bcf1ae739b90bbfa
      size: 41
    - path: lmpcc_tools/scripts/experiments/planning_benchmark/set_parameters.py
      md5: a5a583c8c59cbf521b2f3e2b312a6f4b
      size: 693
    params:
      ../pedestrian_simulator/config/configuration.yaml:
        pedestrian_simulator.pedestrians.seed: 5
      lmpcc/config/path.yaml:
        global_path.x:
        - 0
        - 3
        - 6
        - 9
        - 12
        - 15
        - 18
        - 21
        - 24
        - 27
        - 30
        - 33
        - 36
        - 39
        - 42
        - 45
        - 50
    outs:
    - path: lmpcc_tools/scripts/data/../../../../../../../Documents/publications/multi-mpc-2023/results/data/random_fast-8_straight_LMPCC.txt
      md5: aab6c090d090a0f95f8aec08b954da62
      size: 253271026
  evaluate-lmpcc@unstructured-easy:
    cmd: source ~/.zshrc && cd src/lmpcc/lmpcc_tools/scripts && python3 metrics.py
      random_fast-8_straight LMPCC && cd ../../../..
    deps:
    - path: lmpcc_tools/scripts/data/../../../../../../../Documents/publications/multi-mpc-2023/results/data/random_fast-8_straight_LMPCC.txt
      md5: aab6c090d090a0f95f8aec08b954da62
      size: 253271026
    outs:
    - path: lmpcc_tools/scripts/data/../../../../../../../Documents/publications/multi-mpc-2023/results/metrics/random_fast-8_straight/LMPCC.json
      md5: 13029ee5dcda11d384c47963efb4b1e1
      size: 4901
  run-no-original@unstructured:
    cmd:
    - source ../../devel/setup.zsh && cd lmpcc_tools/scripts && python3 experiments/fully_social_planning_benchmark/main.py
      parameters False
    - source ../../devel/setup.zsh && roslaunch lmpcc jackalsimulator.launch overwrite_pedestrian_scenario:=true
      pedestrian_scenario:="random_social/16_straight.xml" project_name:="../../../../../../../Documents/publications/multi-mpc-2023/results/data"
    - source ../../devel/setup.zsh && cd lmpcc_tools/scripts && python3 experiments/fully_social_planning_benchmark/main.py
      restore
    deps:
    - path: lmpcc/include/generated/ConfigurationGMPCC
      md5: b33dffc8ef9464f7bcf1ae739b90bbfa
      size: 41
    - path: lmpcc_tools/scripts/experiments/fully_social_planning_benchmark/set_parameters.py
      md5: 0f85473baceb35fbc2aa97315c9e707d
      size: 1005
    params:
      ../pedestrian_simulator/config/configuration.yaml:
        pedestrian_simulator.pedestrians.seed: 5
      lmpcc/config/path.yaml:
        global_path.x:
        - 0
        - 3
        - 6
        - 9
        - 12
        - 15
        - 18
        - 21
        - 24
        - 27
        - 30
        - 33
        - 36
        - 39
        - 42
        - 45
        - 50
    outs:
    - path: lmpcc_tools/scripts/data/../../../../../../../Documents/publications/multi-mpc-2023/results/data/fully-random_social-16_straight_GMPCCNO.txt
      md5: b81bec98f7dc784890043f6b260f945a
      size: 191669943
  run-no-original@unstructured-super-easy:
    cmd:
    - source ../../devel/setup.zsh && cd lmpcc_tools/scripts && python3 experiments/planning_benchmark/main.py
      parameters False
    - source ../../devel/setup.zsh && roslaunch lmpcc jackalsimulator.launch overwrite_pedestrian_scenario:=true
      pedestrian_scenario:="random_fast/4_straight.xml" project_name:="../../../../../../../Documents/publications/multi-mpc-2023/results/data"
    - source ../../devel/setup.zsh && cd lmpcc_tools/scripts && python3 experiments/planning_benchmark/main.py
      restore
    deps:
    - path: lmpcc/include/generated/ConfigurationGMPCC
      md5: b33dffc8ef9464f7bcf1ae739b90bbfa
      size: 41
    - path: lmpcc_tools/scripts/experiments/planning_benchmark/set_parameters.py
      md5: a5a583c8c59cbf521b2f3e2b312a6f4b
      size: 693
    params:
      ../pedestrian_simulator/config/configuration.yaml:
        pedestrian_simulator.pedestrians.seed: 5
      lmpcc/config/path.yaml:
        global_path.x:
        - 0
        - 3
        - 6
        - 9
        - 12
        - 15
        - 18
        - 21
        - 24
        - 27
        - 30
        - 33
        - 36
        - 39
        - 42
        - 45
        - 50
    outs:
    - path: lmpcc_tools/scripts/data/../../../../../../../Documents/publications/multi-mpc-2023/results/data/random_fast-4_straight_GMPCCNO.txt
      md5: db8fd97bb21af17ee01c75e8b1aedd78
      size: 391758772
  evaluate-no-original@unstructured-super-easy:
    cmd: source ~/.zshrc && cd src/lmpcc/lmpcc_tools/scripts && python3 metrics.py
      random_fast-4_straight GMPCCNO && cd ../../../..
    deps:
    - path: lmpcc_tools/scripts/data/../../../../../../../Documents/publications/multi-mpc-2023/results/data/random_fast-4_straight_GMPCCNO.txt
      md5: db8fd97bb21af17ee01c75e8b1aedd78
      size: 391758772
    outs:
    - path: lmpcc_tools/scripts/data/../../../../../../../Documents/publications/multi-mpc-2023/results/metrics/random_fast-4_straight/GMPCCNO.json
      md5: 3b4779c793498bb67ab43c59cc705471
      size: 4921
  evaluate-no-original@unstructured:
    cmd: source ~/.zshrc && cd src/lmpcc/lmpcc_tools/scripts && python3 metrics.py
      fully-random_social-16_straight GMPCCNO && cd ../../../..
    deps:
    - path: lmpcc_tools/scripts/data/../../../../../../../Documents/publications/multi-mpc-2023/results/data/fully-random_social-16_straight_GMPCCNO.txt
      md5: b81bec98f7dc784890043f6b260f945a
      size: 191669943
    outs:
    - path: lmpcc_tools/scripts/data/../../../../../../../Documents/publications/multi-mpc-2023/results/metrics/fully-random_social-16_straight/GMPCCNO.json
      md5: 217a4c38146a1055379b25cd07f38b23
      size: 2511
  run-no-original@unstructured-medium:
    cmd:
    - source ../../devel/setup.zsh && cd lmpcc_tools/scripts && python3 experiments/fully_social_planning_benchmark/main.py
      parameters False
    - source ../../devel/setup.zsh && roslaunch lmpcc jackalsimulator.launch overwrite_pedestrian_scenario:=true
      pedestrian_scenario:="random_social/12_straight.xml" project_name:="../../../../../../../Documents/publications/multi-mpc-2023/results/data"
    - source ../../devel/setup.zsh && cd lmpcc_tools/scripts && python3 experiments/fully_social_planning_benchmark/main.py
      restore
    deps:
    - path: lmpcc/include/generated/ConfigurationGMPCC
      md5: b33dffc8ef9464f7bcf1ae739b90bbfa
      size: 41
    - path: lmpcc_tools/scripts/experiments/fully_social_planning_benchmark/set_parameters.py
      md5: 0f85473baceb35fbc2aa97315c9e707d
      size: 1005
    params:
      ../pedestrian_simulator/config/configuration.yaml:
        pedestrian_simulator.pedestrians.seed: 5
      lmpcc/config/path.yaml:
        global_path.x:
        - 0
        - 3
        - 6
        - 9
        - 12
        - 15
        - 18
        - 21
        - 24
        - 27
        - 30
        - 33
        - 36
        - 39
        - 42
        - 45
        - 50
    outs:
    - path: lmpcc_tools/scripts/data/../../../../../../../Documents/publications/multi-mpc-2023/results/data/fully-random_social-12_straight_GMPCCNO.txt
      md5: 1c72100c3a056944a5d630b0d7d92d7c
      size: 181604022
  evaluate-no-original@unstructured-medium:
    cmd: source ~/.zshrc && cd src/lmpcc/lmpcc_tools/scripts && python3 metrics.py
      fully-random_social-12_straight GMPCCNO && cd ../../../..
    deps:
    - path: lmpcc_tools/scripts/data/../../../../../../../Documents/publications/multi-mpc-2023/results/data/fully-random_social-12_straight_GMPCCNO.txt
      md5: 1c72100c3a056944a5d630b0d7d92d7c
      size: 181604022
    outs:
    - path: lmpcc_tools/scripts/data/../../../../../../../Documents/publications/multi-mpc-2023/results/metrics/fully-random_social-12_straight/GMPCCNO.json
      md5: a223f2edfe86e7f5e415af3f31b536dc
      size: 2494
  run-no-original@unstructured-easy:
    cmd:
    - source ../../devel/setup.zsh && cd lmpcc_tools/scripts && python3 experiments/planning_benchmark/main.py
      parameters False
    - source ../../devel/setup.zsh && roslaunch lmpcc jackalsimulator.launch overwrite_pedestrian_scenario:=true
      pedestrian_scenario:="random_fast/8_straight.xml" project_name:="../../../../../../../Documents/publications/multi-mpc-2023/results/data"
    - source ../../devel/setup.zsh && cd lmpcc_tools/scripts && python3 experiments/planning_benchmark/main.py
      restore
    deps:
    - path: lmpcc/include/generated/ConfigurationGMPCC
      md5: b33dffc8ef9464f7bcf1ae739b90bbfa
      size: 41
    - path: lmpcc_tools/scripts/experiments/planning_benchmark/set_parameters.py
      md5: a5a583c8c59cbf521b2f3e2b312a6f4b
      size: 693
    params:
      ../pedestrian_simulator/config/configuration.yaml:
        pedestrian_simulator.pedestrians.seed: 5
      lmpcc/config/path.yaml:
        global_path.x:
        - 0
        - 3
        - 6
        - 9
        - 12
        - 15
        - 18
        - 21
        - 24
        - 27
        - 30
        - 33
        - 36
        - 39
        - 42
        - 45
        - 50
    outs:
    - path: lmpcc_tools/scripts/data/../../../../../../../Documents/publications/multi-mpc-2023/results/data/random_fast-8_straight_GMPCCNO.txt
      md5: 9f36b5a593667a9be56407db949a5654
      size: 432204640
  evaluate-no-original@unstructured-easy:
    cmd: source ~/.zshrc && cd src/lmpcc/lmpcc_tools/scripts && python3 metrics.py
      random_fast-8_straight GMPCCNO && cd ../../../..
    deps:
    - path: lmpcc_tools/scripts/data/../../../../../../../Documents/publications/multi-mpc-2023/results/data/random_fast-8_straight_GMPCCNO.txt
      md5: 9f36b5a593667a9be56407db949a5654
      size: 432204640
    outs:
    - path: lmpcc_tools/scripts/data/../../../../../../../Documents/publications/multi-mpc-2023/results/metrics/random_fast-8_straight/GMPCCNO.json
      md5: b44c54c1faaf38703c6fdc841599d868
      size: 4928
