schema: '2.0'
stages:
  path_comparison_run@paths-6:
    cmd:
    - source ../../devel/setup.zsh && cd lmpcc_tools/scripts && python3 experiments/path_comparison/main.py
      parameters 6 False
    - source ../../devel/setup.zsh && roslaunch lmpcc jackalsimulator.launch overwrite_pedestrian_scenario:=true
      pedestrian_scenario:="random_fast/16_straight.xml" project_name:="../../../../../../../Documents/publications/multi-mpc-2023/results/data"
    - source ../../devel/setup.zsh && cd lmpcc_tools/scripts && python3 experiments/path_comparison/main.py
      restore 6
    deps:
    - path: lmpcc_tools/scripts/experiments/path_comparison/set_parameters.py
      md5: b7de3fe2fbef8551844a75aac11fbe41
      size: 769
    outs:
    - path: lmpcc_tools/scripts/data/../../../../../../../Documents/publications/multi-mpc-2023/results/data/6paths-random_fast-16_straight_GMPCC.txt
      md5: 710b563d69fa0c54f95372ed69d088da
      size: 257044075
  path_comparison_metrics@paths-6:
    cmd:
    - source ../../devel/setup.zsh && cd lmpcc_tools/scripts && python3 metrics.py
      6paths-random_fast-16_straight GMPCC
    deps:
    - path: lmpcc_tools/scripts/data/../../../../../../../Documents/publications/multi-mpc-2023/results/data/6paths-random_fast-16_straight_GMPCC.txt
      md5: 710b563d69fa0c54f95372ed69d088da
      size: 257044075
    - path: lmpcc_tools/scripts/experiments/path_comparison/main.py
      md5: 4a08043c49d03cdd36bc67bbfb389959
      size: 2889
    outs:
    - path: lmpcc_tools/scripts/data/../../../../../../../Documents/publications/multi-mpc-2023/results/metrics/6paths-random_fast-16_straight/GMPCC.json
      md5: 1bea4113cd11daf5b387a91778e8e838
      size: 2065
  path_comparison_run@paths-5:
    cmd:
    - source ../../devel/setup.zsh && cd lmpcc_tools/scripts && python3 experiments/path_comparison/main.py
      parameters 5 False
    - source ../../devel/setup.zsh && roslaunch lmpcc jackalsimulator.launch overwrite_pedestrian_scenario:=true
      pedestrian_scenario:="random_fast/16_straight.xml" project_name:="../../../../../../../Documents/publications/multi-mpc-2023/results/data"
    - source ../../devel/setup.zsh && cd lmpcc_tools/scripts && python3 experiments/path_comparison/main.py
      restore 5
    deps:
    - path: lmpcc_tools/scripts/experiments/path_comparison/set_parameters.py
      md5: b7de3fe2fbef8551844a75aac11fbe41
      size: 769
    outs:
    - path: lmpcc_tools/scripts/data/../../../../../../../Documents/publications/multi-mpc-2023/results/data/5paths-random_fast-16_straight_GMPCC.txt
      md5: ddf2ae7b31e13e913618770d6b84bbc0
      size: 224917235
  path_comparison_run@paths-1:
    cmd:
    - source ../../devel/setup.zsh && cd lmpcc_tools/scripts && python3 experiments/path_comparison/main.py
      parameters 1 False
    - source ../../devel/setup.zsh && roslaunch lmpcc jackalsimulator.launch overwrite_pedestrian_scenario:=true
      pedestrian_scenario:="random_fast/16_straight.xml" project_name:="../../../../../../../Documents/publications/multi-mpc-2023/results/data"
    - source ../../devel/setup.zsh && cd lmpcc_tools/scripts && python3 experiments/path_comparison/main.py
      restore 1
    deps:
    - path: lmpcc_tools/scripts/experiments/path_comparison/set_parameters.py
      md5: b7de3fe2fbef8551844a75aac11fbe41
      size: 769
    outs:
    - path: lmpcc_tools/scripts/data/../../../../../../../Documents/publications/multi-mpc-2023/results/data/1paths-random_fast-16_straight_GMPCC.txt
      md5: db66d1a1dea36c06d8cb9f611b45174d
      size: 117527600
  path_comparison_metrics@paths-1:
    cmd:
    - source ../../devel/setup.zsh && cd lmpcc_tools/scripts && python3 metrics.py
      1paths-random_fast-16_straight GMPCC
    deps:
    - path: lmpcc_tools/scripts/data/../../../../../../../Documents/publications/multi-mpc-2023/results/data/1paths-random_fast-16_straight_GMPCC.txt
      md5: db66d1a1dea36c06d8cb9f611b45174d
      size: 117527600
    - path: lmpcc_tools/scripts/experiments/path_comparison/main.py
      md5: 4a08043c49d03cdd36bc67bbfb389959
      size: 2889
    outs:
    - path: lmpcc_tools/scripts/data/../../../../../../../Documents/publications/multi-mpc-2023/results/metrics/1paths-random_fast-16_straight/GMPCC.json
      md5: 22ce7798b285f6961d4ed41aa6de9f25
      size: 2034
  path_comparison_run@paths-4:
    cmd:
    - source ../../devel/setup.zsh && cd lmpcc_tools/scripts && python3 experiments/path_comparison/main.py
      parameters 4 False
    - source ../../devel/setup.zsh && roslaunch lmpcc jackalsimulator.launch overwrite_pedestrian_scenario:=true
      pedestrian_scenario:="random_fast/16_straight.xml" project_name:="../../../../../../../Documents/publications/multi-mpc-2023/results/data"
    - source ../../devel/setup.zsh && cd lmpcc_tools/scripts && python3 experiments/path_comparison/main.py
      restore 4
    deps:
    - path: lmpcc_tools/scripts/experiments/path_comparison/set_parameters.py
      md5: b7de3fe2fbef8551844a75aac11fbe41
      size: 769
    outs:
    - path: lmpcc_tools/scripts/data/../../../../../../../Documents/publications/multi-mpc-2023/results/data/4paths-random_fast-16_straight_GMPCC.txt
      md5: 094e9c289fb42d26a9b1d6c9e3aac0b3
      size: 194824778
  path_comparison_metrics@paths-4:
    cmd:
    - source ../../devel/setup.zsh && cd lmpcc_tools/scripts && python3 metrics.py
      4paths-random_fast-16_straight GMPCC
    deps:
    - path: lmpcc_tools/scripts/data/../../../../../../../Documents/publications/multi-mpc-2023/results/data/4paths-random_fast-16_straight_GMPCC.txt
      md5: 094e9c289fb42d26a9b1d6c9e3aac0b3
      size: 194824778
    - path: lmpcc_tools/scripts/experiments/path_comparison/main.py
      md5: 4a08043c49d03cdd36bc67bbfb389959
      size: 2889
    outs:
    - path: lmpcc_tools/scripts/data/../../../../../../../Documents/publications/multi-mpc-2023/results/metrics/4paths-random_fast-16_straight/GMPCC.json
      md5: f8741f279dbfe1cbb9aab20f6c05e8d3
      size: 2052
  path_comparison_run@paths-3:
    cmd:
    - source ../../devel/setup.zsh && cd lmpcc_tools/scripts && python3 experiments/path_comparison/main.py
      parameters 3 False
    - source ../../devel/setup.zsh && roslaunch lmpcc jackalsimulator.launch overwrite_pedestrian_scenario:=true
      pedestrian_scenario:="random_fast/16_straight.xml" project_name:="../../../../../../../Documents/publications/multi-mpc-2023/results/data"
    - source ../../devel/setup.zsh && cd lmpcc_tools/scripts && python3 experiments/path_comparison/main.py
      restore 3
    deps:
    - path: lmpcc_tools/scripts/experiments/path_comparison/set_parameters.py
      md5: b7de3fe2fbef8551844a75aac11fbe41
      size: 769
    outs:
    - path: lmpcc_tools/scripts/data/../../../../../../../Documents/publications/multi-mpc-2023/results/data/3paths-random_fast-16_straight_GMPCC.txt
      md5: b7855dfd292abb42b0b86ee9701180f5
      size: 169185618
  path_comparison_run@paths-2:
    cmd:
    - source ../../devel/setup.zsh && cd lmpcc_tools/scripts && python3 experiments/path_comparison/main.py
      parameters 2 False
    - source ../../devel/setup.zsh && roslaunch lmpcc jackalsimulator.launch overwrite_pedestrian_scenario:=true
      pedestrian_scenario:="random_fast/16_straight.xml" project_name:="../../../../../../../Documents/publications/multi-mpc-2023/results/data"
    - source ../../devel/setup.zsh && cd lmpcc_tools/scripts && python3 experiments/path_comparison/main.py
      restore 2
    deps:
    - path: lmpcc_tools/scripts/experiments/path_comparison/set_parameters.py
      md5: b7de3fe2fbef8551844a75aac11fbe41
      size: 769
    outs:
    - path: lmpcc_tools/scripts/data/../../../../../../../Documents/publications/multi-mpc-2023/results/data/2paths-random_fast-16_straight_GMPCC.txt
      md5: 6eb85d9fb586ab8b50da5e31f82aba57
      size: 142453398
  path_comparison_metrics@paths-5:
    cmd:
    - source ../../devel/setup.zsh && cd lmpcc_tools/scripts && python3 metrics.py
      5paths-random_fast-16_straight GMPCC
    deps:
    - path: lmpcc_tools/scripts/data/../../../../../../../Documents/publications/multi-mpc-2023/results/data/5paths-random_fast-16_straight_GMPCC.txt
      md5: ddf2ae7b31e13e913618770d6b84bbc0
      size: 224917235
    - path: lmpcc_tools/scripts/experiments/path_comparison/main.py
      md5: 4a08043c49d03cdd36bc67bbfb389959
      size: 2889
    outs:
    - path: lmpcc_tools/scripts/data/../../../../../../../Documents/publications/multi-mpc-2023/results/metrics/5paths-random_fast-16_straight/GMPCC.json
      md5: b7bb6582f6d87c0cb1b4143e890d740c
      size: 2062
  path_comparison_metrics@paths-3:
    cmd:
    - source ../../devel/setup.zsh && cd lmpcc_tools/scripts && python3 metrics.py
      3paths-random_fast-16_straight GMPCC
    deps:
    - path: lmpcc_tools/scripts/data/../../../../../../../Documents/publications/multi-mpc-2023/results/data/3paths-random_fast-16_straight_GMPCC.txt
      md5: b7855dfd292abb42b0b86ee9701180f5
      size: 169185618
    - path: lmpcc_tools/scripts/experiments/path_comparison/main.py
      md5: 4a08043c49d03cdd36bc67bbfb389959
      size: 2889
    outs:
    - path: lmpcc_tools/scripts/data/../../../../../../../Documents/publications/multi-mpc-2023/results/metrics/3paths-random_fast-16_straight/GMPCC.json
      md5: 1c4085fc38a50e41ab5a07a8c9f16d6e
      size: 2060
  path_comparison_metrics@paths-2:
    cmd:
    - source ../../devel/setup.zsh && cd lmpcc_tools/scripts && python3 metrics.py
      2paths-random_fast-16_straight GMPCC
    deps:
    - path: lmpcc_tools/scripts/data/../../../../../../../Documents/publications/multi-mpc-2023/results/data/2paths-random_fast-16_straight_GMPCC.txt
      md5: 6eb85d9fb586ab8b50da5e31f82aba57
      size: 142453398
    - path: lmpcc_tools/scripts/experiments/path_comparison/main.py
      md5: 4a08043c49d03cdd36bc67bbfb389959
      size: 2889
    outs:
    - path: lmpcc_tools/scripts/data/../../../../../../../Documents/publications/multi-mpc-2023/results/metrics/2paths-random_fast-16_straight/GMPCC.json
      md5: c4497e07329b40054839178b3acaca99
      size: 2064
  path_comparison_run_with_original@paths-1:
    cmd:
    - source ../../devel/setup.zsh && cd lmpcc_tools/scripts && python3 experiments/path_comparison/main.py
      parameters 1 True
    - source ../../devel/setup.zsh && roslaunch lmpcc jackalsimulator.launch overwrite_pedestrian_scenario:=true
      pedestrian_scenario:="random_fast/16_straight.xml" project_name:="../../../../../../../Documents/publications/multi-mpc-2023/results/data"
    - source ../../devel/setup.zsh && cd lmpcc_tools/scripts && python3 experiments/path_comparison/main.py
      restore 1
    deps:
    - path: lmpcc_tools/scripts/experiments/path_comparison/set_parameters.py
      md5: b7de3fe2fbef8551844a75aac11fbe41
      size: 769
    outs:
    - path: lmpcc_tools/scripts/data/../../../../../../../Documents/publications/multi-mpc-2023/results/data/1pathsO-random_fast-16_straight_GMPCC.txt
      md5: 91e17d7d9e384b7b4d6c68eb4940ef8b
      size: 144077397
  path_comparison_run_with_original@paths-5:
    cmd:
    - source ../../devel/setup.zsh && cd lmpcc_tools/scripts && python3 experiments/path_comparison/main.py
      parameters 5 True
    - source ../../devel/setup.zsh && roslaunch lmpcc jackalsimulator.launch overwrite_pedestrian_scenario:=true
      pedestrian_scenario:="random_fast/16_straight.xml" project_name:="../../../../../../../Documents/publications/multi-mpc-2023/results/data"
    - source ../../devel/setup.zsh && cd lmpcc_tools/scripts && python3 experiments/path_comparison/main.py
      restore 5
    deps:
    - path: lmpcc_tools/scripts/experiments/path_comparison/set_parameters.py
      md5: b7de3fe2fbef8551844a75aac11fbe41
      size: 769
    outs:
    - path: lmpcc_tools/scripts/data/../../../../../../../Documents/publications/multi-mpc-2023/results/data/5pathsO-random_fast-16_straight_GMPCC.txt
      md5: 20741cb1f8cd8a62866bbb51968f2724
      size: 246032126
  path_comparison_run_with_original@paths-2:
    cmd:
    - source ../../devel/setup.zsh && cd lmpcc_tools/scripts && python3 experiments/path_comparison/main.py
      parameters 2 True
    - source ../../devel/setup.zsh && roslaunch lmpcc jackalsimulator.launch overwrite_pedestrian_scenario:=true
      pedestrian_scenario:="random_fast/16_straight.xml" project_name:="../../../../../../../Documents/publications/multi-mpc-2023/results/data"
    - source ../../devel/setup.zsh && cd lmpcc_tools/scripts && python3 experiments/path_comparison/main.py
      restore 2
    deps:
    - path: lmpcc_tools/scripts/experiments/path_comparison/set_parameters.py
      md5: b7de3fe2fbef8551844a75aac11fbe41
      size: 769
    outs:
    - path: lmpcc_tools/scripts/data/../../../../../../../Documents/publications/multi-mpc-2023/results/data/2pathsO-random_fast-16_straight_GMPCC.txt
      md5: a6642a3eb5b9147bb93a8122abb67a83
      size: 167972871
  path_comparison_metrics_with_original@paths-2:
    cmd:
    - source ../../devel/setup.zsh && cd lmpcc_tools/scripts && python3 metrics.py
      2pathsO-random_fast-16_straight GMPCC
    deps:
    - path: lmpcc_tools/scripts/data/../../../../../../../Documents/publications/multi-mpc-2023/results/data/2pathsO-random_fast-16_straight_GMPCC.txt
      md5: a6642a3eb5b9147bb93a8122abb67a83
      size: 167972871
    - path: lmpcc_tools/scripts/experiments/path_comparison/main.py
      md5: 4a08043c49d03cdd36bc67bbfb389959
      size: 2889
    outs:
    - path: lmpcc_tools/scripts/data/../../../../../../../Documents/publications/multi-mpc-2023/results/metrics/2pathsO-random_fast-16_straight/GMPCC.json
      md5: 1569be04dfa8c6bf3f7d39eac3491872
      size: 2035
  path_comparison_run_with_original@paths-6:
    cmd:
    - source ../../devel/setup.zsh && cd lmpcc_tools/scripts && python3 experiments/path_comparison/main.py
      parameters 6 True
    - source ../../devel/setup.zsh && roslaunch lmpcc jackalsimulator.launch overwrite_pedestrian_scenario:=true
      pedestrian_scenario:="random_fast/16_straight.xml" project_name:="../../../../../../../Documents/publications/multi-mpc-2023/results/data"
    - source ../../devel/setup.zsh && cd lmpcc_tools/scripts && python3 experiments/path_comparison/main.py
      restore 6
    deps:
    - path: lmpcc_tools/scripts/experiments/path_comparison/set_parameters.py
      md5: b7de3fe2fbef8551844a75aac11fbe41
      size: 769
    outs:
    - path: lmpcc_tools/scripts/data/../../../../../../../Documents/publications/multi-mpc-2023/results/data/6pathsO-random_fast-16_straight_GMPCC.txt
      md5: fb6540c6fabc5ec782721024675445a8
      size: 276979750
  path_comparison_run_with_original@paths-3:
    cmd:
    - source ../../devel/setup.zsh && cd lmpcc_tools/scripts && python3 experiments/path_comparison/main.py
      parameters 3 True
    - source ../../devel/setup.zsh && roslaunch lmpcc jackalsimulator.launch overwrite_pedestrian_scenario:=true
      pedestrian_scenario:="random_fast/16_straight.xml" project_name:="../../../../../../../Documents/publications/multi-mpc-2023/results/data"
    - source ../../devel/setup.zsh && cd lmpcc_tools/scripts && python3 experiments/path_comparison/main.py
      restore 3
    deps:
    - path: lmpcc_tools/scripts/experiments/path_comparison/set_parameters.py
      md5: b7de3fe2fbef8551844a75aac11fbe41
      size: 769
    outs:
    - path: lmpcc_tools/scripts/data/../../../../../../../Documents/publications/multi-mpc-2023/results/data/3pathsO-random_fast-16_straight_GMPCC.txt
      md5: 211ae0f317e9a539340377cc64581c53
      size: 197988483
  path_comparison_metrics_with_original@paths-3:
    cmd:
    - source ../../devel/setup.zsh && cd lmpcc_tools/scripts && python3 metrics.py
      3pathsO-random_fast-16_straight GMPCC
    deps:
    - path: lmpcc_tools/scripts/data/../../../../../../../Documents/publications/multi-mpc-2023/results/data/3pathsO-random_fast-16_straight_GMPCC.txt
      md5: 211ae0f317e9a539340377cc64581c53
      size: 197988483
    - path: lmpcc_tools/scripts/experiments/path_comparison/main.py
      md5: 4a08043c49d03cdd36bc67bbfb389959
      size: 2889
    outs:
    - path: lmpcc_tools/scripts/data/../../../../../../../Documents/publications/multi-mpc-2023/results/metrics/3pathsO-random_fast-16_straight/GMPCC.json
      md5: a419bf3b736d13904e1fede698826ebd
      size: 2059
  path_comparison_metrics_with_original@paths-5:
    cmd:
    - source ../../devel/setup.zsh && cd lmpcc_tools/scripts && python3 metrics.py
      5pathsO-random_fast-16_straight GMPCC
    deps:
    - path: lmpcc_tools/scripts/data/../../../../../../../Documents/publications/multi-mpc-2023/results/data/5pathsO-random_fast-16_straight_GMPCC.txt
      md5: 20741cb1f8cd8a62866bbb51968f2724
      size: 246032126
    - path: lmpcc_tools/scripts/experiments/path_comparison/main.py
      md5: 4a08043c49d03cdd36bc67bbfb389959
      size: 2889
    outs:
    - path: lmpcc_tools/scripts/data/../../../../../../../Documents/publications/multi-mpc-2023/results/metrics/5pathsO-random_fast-16_straight/GMPCC.json
      md5: 54dbcca0541dc15e93d4b9d7c4f6add6
      size: 2064
  path_comparison_run_with_original@paths-4:
    cmd:
    - source ../../devel/setup.zsh && cd lmpcc_tools/scripts && python3 experiments/path_comparison/main.py
      parameters 4 True
    - source ../../devel/setup.zsh && roslaunch lmpcc jackalsimulator.launch overwrite_pedestrian_scenario:=true
      pedestrian_scenario:="random_fast/16_straight.xml" project_name:="../../../../../../../Documents/publications/multi-mpc-2023/results/data"
    - source ../../devel/setup.zsh && cd lmpcc_tools/scripts && python3 experiments/path_comparison/main.py
      restore 4
    deps:
    - path: lmpcc_tools/scripts/experiments/path_comparison/set_parameters.py
      md5: b7de3fe2fbef8551844a75aac11fbe41
      size: 769
    outs:
    - path: lmpcc_tools/scripts/data/../../../../../../../Documents/publications/multi-mpc-2023/results/data/4pathsO-random_fast-16_straight_GMPCC.txt
      md5: 6db17b042e0db0f3b6a5988f27fb6abb
      size: 220120175
  path_comparison_metrics_with_original@paths-4:
    cmd:
    - source ../../devel/setup.zsh && cd lmpcc_tools/scripts && python3 metrics.py
      4pathsO-random_fast-16_straight GMPCC
    deps:
    - path: lmpcc_tools/scripts/data/../../../../../../../Documents/publications/multi-mpc-2023/results/data/4pathsO-random_fast-16_straight_GMPCC.txt
      md5: 6db17b042e0db0f3b6a5988f27fb6abb
      size: 220120175
    - path: lmpcc_tools/scripts/experiments/path_comparison/main.py
      md5: 4a08043c49d03cdd36bc67bbfb389959
      size: 2889
    outs:
    - path: lmpcc_tools/scripts/data/../../../../../../../Documents/publications/multi-mpc-2023/results/metrics/4pathsO-random_fast-16_straight/GMPCC.json
      md5: 42c382904c571e1ede835ce91f31e269
      size: 2062
  path_comparison_metrics_with_original@paths-1:
    cmd:
    - source ../../devel/setup.zsh && cd lmpcc_tools/scripts && python3 metrics.py
      1pathsO-random_fast-16_straight GMPCC
    deps:
    - path: lmpcc_tools/scripts/data/../../../../../../../Documents/publications/multi-mpc-2023/results/data/1pathsO-random_fast-16_straight_GMPCC.txt
      md5: 91e17d7d9e384b7b4d6c68eb4940ef8b
      size: 144077397
    - path: lmpcc_tools/scripts/experiments/path_comparison/main.py
      md5: 4a08043c49d03cdd36bc67bbfb389959
      size: 2889
    outs:
    - path: lmpcc_tools/scripts/data/../../../../../../../Documents/publications/multi-mpc-2023/results/metrics/1pathsO-random_fast-16_straight/GMPCC.json
      md5: 7c1b8de98b17a08c7ffae0cd16609446
      size: 2023
  path_comparison_metrics_with_original@paths-6:
    cmd:
    - source ../../devel/setup.zsh && cd lmpcc_tools/scripts && python3 metrics.py
      6pathsO-random_fast-16_straight GMPCC
    deps:
    - path: lmpcc_tools/scripts/data/../../../../../../../Documents/publications/multi-mpc-2023/results/data/6pathsO-random_fast-16_straight_GMPCC.txt
      md5: fb6540c6fabc5ec782721024675445a8
      size: 276979750
    - path: lmpcc_tools/scripts/experiments/path_comparison/main.py
      md5: 4a08043c49d03cdd36bc67bbfb389959
      size: 2889
    outs:
    - path: lmpcc_tools/scripts/data/../../../../../../../Documents/publications/multi-mpc-2023/results/metrics/6pathsO-random_fast-16_straight/GMPCC.json
      md5: d34d13a3149235493c8667ca3f887e10
      size: 2047
  path_comparison_run_with_original@paths-0:
    cmd:
    - source ../../devel/setup.zsh && cd lmpcc_tools/scripts && python3 experiments/path_comparison/main.py
      parameters 0 True
    - source ../../devel/setup.zsh && roslaunch lmpcc jackalsimulator.launch overwrite_pedestrian_scenario:=true
      pedestrian_scenario:="random_fast/16_straight.xml" project_name:="../../../../../../../Documents/publications/multi-mpc-2023/results/data"
    - source ../../devel/setup.zsh && cd lmpcc_tools/scripts && python3 experiments/path_comparison/main.py
      restore 0
    deps:
    - path: lmpcc_tools/scripts/experiments/path_comparison/set_parameters.py
      md5: b7de3fe2fbef8551844a75aac11fbe41
      size: 769
    outs:
    - path: lmpcc_tools/scripts/data/../../../../../../../Documents/publications/multi-mpc-2023/results/data/0pathsO-random_fast-16_straight_GMPCC.txt
      md5: f420d99e25062480d75be20911f1aa93
      size: 121453411
  create_plots:
    cmd:
    - source ../../devel/setup.zsh && cd lmpcc_tools/scripts && python3 experiments/compare_samples/main.py
      process False 6
    deps:
    - path: lmpcc_tools/scripts/data/../../../../../../../Documents/publications/multi-mpc-2023/results/metrics/100samples-random_fast-16_straight/GMPCC.json
      md5: cbc2674682e0c4d3b66e9cdb83327e8f
      size: 2064
    - path: lmpcc_tools/scripts/data/../../../../../../../Documents/publications/multi-mpc-2023/results/metrics/10samples-random_fast-16_straight/GMPCC.json
      md5: b6b13a66693069d86a4631eca0c5d893
      size: 2063
    - path: lmpcc_tools/scripts/data/../../../../../../../Documents/publications/multi-mpc-2023/results/metrics/200samples-random_fast-16_straight/GMPCC.json
      md5: 77578d7ef6c2f6a6a4858aa40bfcc33f
      size: 2063
    - path: lmpcc_tools/scripts/data/../../../../../../../Documents/publications/multi-mpc-2023/results/metrics/20samples-random_fast-16_straight/GMPCC.json
      md5: a5c611d2ab461101e980bb34d47b3e7c
      size: 2062
    - path: lmpcc_tools/scripts/data/../../../../../../../Documents/publications/multi-mpc-2023/results/metrics/30samples-random_fast-16_straight/GMPCC.json
      md5: f8c4782523510fbed41cac1c31efce48
      size: 2064
    - path: lmpcc_tools/scripts/data/../../../../../../../Documents/publications/multi-mpc-2023/results/metrics/40samples-random_fast-16_straight/GMPCC.json
      md5: c9720befb74f46c65604c1d8bd9df7ed
      size: 2065
    - path: lmpcc_tools/scripts/data/../../../../../../../Documents/publications/multi-mpc-2023/results/metrics/50samples-random_fast-16_straight/GMPCC.json
      md5: 07e5d86ec3d02ad4faaf7c24b7409da6
      size: 2065
    - path: lmpcc_tools/scripts/experiments/compare_samples/main.py
      md5: f52d9a794798bbb36a6eab9b4113a9fa
      size: 4023
    outs:
    - path: lmpcc_tools/scripts/data/../../../../../../../Documents/publications/multi-mpc-2023/results/figures/sample_comparison/guidance_runtime.pdf
      md5: 5df087d577fdc155caa0db3da103ce68
      size: 115732
    - path: lmpcc_tools/scripts/data/../../../../../../../Documents/publications/multi-mpc-2023/results/figures/sample_comparison/infeasible.pdf
      md5: 48bdddcef39f1b427c6cba77f1a71f89
      size: 43839
    - path: lmpcc_tools/scripts/data/../../../../../../../Documents/publications/multi-mpc-2023/results/figures/sample_comparison/runtime.pdf
      md5: 3064707434be2b54d53fc7a32a0caaf1
      size: 187194
    - path: lmpcc_tools/scripts/data/../../../../../../../Documents/publications/multi-mpc-2023/results/figures/sample_comparison/task_duration.pdf
      md5: 97d3668d2586477279b394ffbcc665d4
      size: 80545
  path_comparison_metrics_with_original@paths-0:
    cmd:
    - source ../../devel/setup.zsh && cd lmpcc_tools/scripts && python3 metrics.py
      0pathsO-random_fast-16_straight GMPCC
    deps:
    - path: lmpcc_tools/scripts/data/../../../../../../../Documents/publications/multi-mpc-2023/results/data/0pathsO-random_fast-16_straight_GMPCC.txt
      md5: f420d99e25062480d75be20911f1aa93
      size: 121453411
    - path: lmpcc_tools/scripts/experiments/path_comparison/main.py
      md5: 4a08043c49d03cdd36bc67bbfb389959
      size: 2889
    outs:
    - path: lmpcc_tools/scripts/data/../../../../../../../Documents/publications/multi-mpc-2023/results/metrics/0pathsO-random_fast-16_straight/GMPCC.json
      md5: eb5ddb6a3ecb7fb7147bda4912f8bc24
      size: 1947
  create_plots_with_original:
    cmd:
    - source ../../devel/setup.zsh && cd lmpcc_tools/scripts && python3 experiments/path_comparison/main.py
      process True 6
    deps:
    - path: lmpcc_tools/scripts/data/../../../../../../../Documents/publications/multi-mpc-2023/results/metrics/0pathsO-random_fast-16_straight/GMPCC.json
      md5: eb5ddb6a3ecb7fb7147bda4912f8bc24
      size: 1947
    - path: lmpcc_tools/scripts/data/../../../../../../../Documents/publications/multi-mpc-2023/results/metrics/1pathsO-random_fast-16_straight/GMPCC.json
      md5: 7c1b8de98b17a08c7ffae0cd16609446
      size: 2023
    - path: lmpcc_tools/scripts/data/../../../../../../../Documents/publications/multi-mpc-2023/results/metrics/2pathsO-random_fast-16_straight/GMPCC.json
      md5: 1569be04dfa8c6bf3f7d39eac3491872
      size: 2035
    - path: lmpcc_tools/scripts/data/../../../../../../../Documents/publications/multi-mpc-2023/results/metrics/3pathsO-random_fast-16_straight/GMPCC.json
      md5: a419bf3b736d13904e1fede698826ebd
      size: 2059
    - path: lmpcc_tools/scripts/data/../../../../../../../Documents/publications/multi-mpc-2023/results/metrics/4pathsO-random_fast-16_straight/GMPCC.json
      md5: 42c382904c571e1ede835ce91f31e269
      size: 2062
    - path: lmpcc_tools/scripts/data/../../../../../../../Documents/publications/multi-mpc-2023/results/metrics/5pathsO-random_fast-16_straight/GMPCC.json
      md5: 54dbcca0541dc15e93d4b9d7c4f6add6
      size: 2064
    - path: lmpcc_tools/scripts/data/../../../../../../../Documents/publications/multi-mpc-2023/results/metrics/6pathsO-random_fast-16_straight/GMPCC.json
      md5: d34d13a3149235493c8667ca3f887e10
      size: 2047
    - path: lmpcc_tools/scripts/experiments/path_comparison/main.py
      md5: 64e1e435b1b4e5af8fe33b722860f07a
      size: 2784
    outs:
    - path: lmpcc_tools/scripts/data/../../../../../../../Documents/publications/multi-mpc-2023/results/figures/path_comparison_infeasible_wo.pdf
      md5: 54cce09b7dfa1ddff528b835342596fa
      size: 43961
    - path: lmpcc_tools/scripts/data/../../../../../../../Documents/publications/multi-mpc-2023/results/figures/path_comparison_wo.pdf
      md5: 4edadf5fad29f16a9a6706f48a23002c
      size: 80352
  sample_comparison_run@samples-1:
    cmd:
    - source ../../devel/setup.zsh && cd lmpcc_tools/scripts && python3 experiments/compare_samples/main.py
      parameters 20 False
    - source ../../devel/setup.zsh && roslaunch lmpcc jackalsimulator.launch overwrite_pedestrian_scenario:=true
      pedestrian_scenario:="random_fast/16_straight.xml" project_name:="../../../../../../../Documents/publications/multi-mpc-2023/results/data"
    - source ../../devel/setup.zsh && cd lmpcc_tools/scripts && python3 experiments/compare_samples/main.py
      restore
    deps:
    - path: lmpcc_tools/scripts/experiments/compare_samples/set_parameters.py
      md5: 0ac631bdb204545a7de4351605bc758b
      size: 606
    outs:
    - path: lmpcc_tools/scripts/data/../../../../../../../Documents/publications/multi-mpc-2023/results/data/20samples-random_fast-16_straight_GMPCC.txt
      md5: 11357b58c22d9495eb4320f22f3471de
      size: 219225894
  sample_comparison_run@samples-6:
    cmd:
    - source ../../devel/setup.zsh && cd lmpcc_tools/scripts && python3 experiments/compare_samples/main.py
      parameters 50 False
    - source ../../devel/setup.zsh && roslaunch lmpcc jackalsimulator.launch overwrite_pedestrian_scenario:=true
      pedestrian_scenario:="random_fast/16_straight.xml" project_name:="../../../../../../../Documents/publications/multi-mpc-2023/results/data"
    - source ../../devel/setup.zsh && cd lmpcc_tools/scripts && python3 experiments/compare_samples/main.py
      restore
    deps:
    - path: lmpcc_tools/scripts/experiments/compare_samples/set_parameters.py
      md5: 0ac631bdb204545a7de4351605bc758b
      size: 606
    outs:
    - path: lmpcc_tools/scripts/data/../../../../../../../Documents/publications/multi-mpc-2023/results/data/50samples-random_fast-16_straight_GMPCC.txt
      md5: 2d0725b58e23f4e83507e587a50b6806
      size: 219818476
  sample_comparison_run@samples-2:
    cmd:
    - source ../../devel/setup.zsh && cd lmpcc_tools/scripts && python3 experiments/compare_samples/main.py
      parameters 30 False
    - source ../../devel/setup.zsh && roslaunch lmpcc jackalsimulator.launch overwrite_pedestrian_scenario:=true
      pedestrian_scenario:="random_fast/16_straight.xml" project_name:="../../../../../../../Documents/publications/multi-mpc-2023/results/data"
    - source ../../devel/setup.zsh && cd lmpcc_tools/scripts && python3 experiments/compare_samples/main.py
      restore
    deps:
    - path: lmpcc_tools/scripts/experiments/compare_samples/set_parameters.py
      md5: 0ac631bdb204545a7de4351605bc758b
      size: 606
    outs:
    - path: lmpcc_tools/scripts/data/../../../../../../../Documents/publications/multi-mpc-2023/results/data/30samples-random_fast-16_straight_GMPCC.txt
      md5: c60587d8aae132115c5fc45742e91529
      size: 219417119
  sample_comparison_metrics@samples-2:
    cmd:
    - source ../../devel/setup.zsh && cd lmpcc_tools/scripts && python3 metrics.py
      30samples-random_fast-16_straight GMPCC
    deps:
    - path: lmpcc_tools/scripts/data/../../../../../../../Documents/publications/multi-mpc-2023/results/data/30samples-random_fast-16_straight_GMPCC.txt
      md5: c60587d8aae132115c5fc45742e91529
      size: 219417119
    outs:
    - path: lmpcc_tools/scripts/data/../../../../../../../Documents/publications/multi-mpc-2023/results/metrics/30samples-random_fast-16_straight/GMPCC.json
      md5: f8c4782523510fbed41cac1c31efce48
      size: 2064
  sample_comparison_metrics@samples-6:
    cmd:
    - source ../../devel/setup.zsh && cd lmpcc_tools/scripts && python3 metrics.py
      50samples-random_fast-16_straight GMPCC
    deps:
    - path: lmpcc_tools/scripts/data/../../../../../../../Documents/publications/multi-mpc-2023/results/data/50samples-random_fast-16_straight_GMPCC.txt
      md5: 2d0725b58e23f4e83507e587a50b6806
      size: 219818476
    outs:
    - path: lmpcc_tools/scripts/data/../../../../../../../Documents/publications/multi-mpc-2023/results/metrics/50samples-random_fast-16_straight/GMPCC.json
      md5: 07e5d86ec3d02ad4faaf7c24b7409da6
      size: 2065
  sample_comparison_run@samples-5:
    cmd:
    - source ../../devel/setup.zsh && cd lmpcc_tools/scripts && python3 experiments/compare_samples/main.py
      parameters 100 False
    - source ../../devel/setup.zsh && roslaunch lmpcc jackalsimulator.launch overwrite_pedestrian_scenario:=true
      pedestrian_scenario:="random_fast/16_straight.xml" project_name:="../../../../../../../Documents/publications/multi-mpc-2023/results/data"
    - source ../../devel/setup.zsh && cd lmpcc_tools/scripts && python3 experiments/compare_samples/main.py
      restore
    deps:
    - path: lmpcc_tools/scripts/experiments/compare_samples/set_parameters.py
      md5: 0ac631bdb204545a7de4351605bc758b
      size: 606
    outs:
    - path: lmpcc_tools/scripts/data/../../../../../../../Documents/publications/multi-mpc-2023/results/data/100samples-random_fast-16_straight_GMPCC.txt
      md5: 64dfd69fc1fc635428ed5fa67762d6a1
      size: 220063123
  sample_comparison_metrics@samples-5:
    cmd:
    - source ../../devel/setup.zsh && cd lmpcc_tools/scripts && python3 metrics.py
      100samples-random_fast-16_straight GMPCC
    deps:
    - path: lmpcc_tools/scripts/data/../../../../../../../Documents/publications/multi-mpc-2023/results/data/100samples-random_fast-16_straight_GMPCC.txt
      md5: 64dfd69fc1fc635428ed5fa67762d6a1
      size: 220063123
    outs:
    - path: lmpcc_tools/scripts/data/../../../../../../../Documents/publications/multi-mpc-2023/results/metrics/100samples-random_fast-16_straight/GMPCC.json
      md5: cbc2674682e0c4d3b66e9cdb83327e8f
      size: 2064
  sample_comparison_metrics@samples-1:
    cmd:
    - source ../../devel/setup.zsh && cd lmpcc_tools/scripts && python3 metrics.py
      20samples-random_fast-16_straight GMPCC
    deps:
    - path: lmpcc_tools/scripts/data/../../../../../../../Documents/publications/multi-mpc-2023/results/data/20samples-random_fast-16_straight_GMPCC.txt
      md5: 11357b58c22d9495eb4320f22f3471de
      size: 219225894
    outs:
    - path: lmpcc_tools/scripts/data/../../../../../../../Documents/publications/multi-mpc-2023/results/metrics/20samples-random_fast-16_straight/GMPCC.json
      md5: a5c611d2ab461101e980bb34d47b3e7c
      size: 2062
  sample_comparison_run@samples-4:
    cmd:
    - source ../../devel/setup.zsh && cd lmpcc_tools/scripts && python3 experiments/compare_samples/main.py
      parameters 200 False
    - source ../../devel/setup.zsh && roslaunch lmpcc jackalsimulator.launch overwrite_pedestrian_scenario:=true
      pedestrian_scenario:="random_fast/16_straight.xml" project_name:="../../../../../../../Documents/publications/multi-mpc-2023/results/data"
    - source ../../devel/setup.zsh && cd lmpcc_tools/scripts && python3 experiments/compare_samples/main.py
      restore
    deps:
    - path: lmpcc_tools/scripts/experiments/compare_samples/set_parameters.py
      md5: 0ac631bdb204545a7de4351605bc758b
      size: 606
    outs:
    - path: lmpcc_tools/scripts/data/../../../../../../../Documents/publications/multi-mpc-2023/results/data/200samples-random_fast-16_straight_GMPCC.txt
      md5: 21641e844dff960a0163639d95d08cf9
      size: 221375601
  sample_comparison_run@samples-3:
    cmd:
    - source ../../devel/setup.zsh && cd lmpcc_tools/scripts && python3 experiments/compare_samples/main.py
      parameters 40 False
    - source ../../devel/setup.zsh && roslaunch lmpcc jackalsimulator.launch overwrite_pedestrian_scenario:=true
      pedestrian_scenario:="random_fast/16_straight.xml" project_name:="../../../../../../../Documents/publications/multi-mpc-2023/results/data"
    - source ../../devel/setup.zsh && cd lmpcc_tools/scripts && python3 experiments/compare_samples/main.py
      restore
    deps:
    - path: lmpcc_tools/scripts/experiments/compare_samples/set_parameters.py
      md5: 0ac631bdb204545a7de4351605bc758b
      size: 606
    outs:
    - path: lmpcc_tools/scripts/data/../../../../../../../Documents/publications/multi-mpc-2023/results/data/40samples-random_fast-16_straight_GMPCC.txt
      md5: d5f4054bb66a69ac6364048c60d0dc22
      size: 219709157
  sample_comparison_metrics@samples-3:
    cmd:
    - source ../../devel/setup.zsh && cd lmpcc_tools/scripts && python3 metrics.py
      40samples-random_fast-16_straight GMPCC
    deps:
    - path: lmpcc_tools/scripts/data/../../../../../../../Documents/publications/multi-mpc-2023/results/data/40samples-random_fast-16_straight_GMPCC.txt
      md5: d5f4054bb66a69ac6364048c60d0dc22
      size: 219709157
    outs:
    - path: lmpcc_tools/scripts/data/../../../../../../../Documents/publications/multi-mpc-2023/results/metrics/40samples-random_fast-16_straight/GMPCC.json
      md5: c9720befb74f46c65604c1d8bd9df7ed
      size: 2065
  sample_comparison_metrics@samples-4:
    cmd:
    - source ../../devel/setup.zsh && cd lmpcc_tools/scripts && python3 metrics.py
      200samples-random_fast-16_straight GMPCC
    deps:
    - path: lmpcc_tools/scripts/data/../../../../../../../Documents/publications/multi-mpc-2023/results/data/200samples-random_fast-16_straight_GMPCC.txt
      md5: 21641e844dff960a0163639d95d08cf9
      size: 221375601
    outs:
    - path: lmpcc_tools/scripts/data/../../../../../../../Documents/publications/multi-mpc-2023/results/metrics/200samples-random_fast-16_straight/GMPCC.json
      md5: 77578d7ef6c2f6a6a4858aa40bfcc33f
      size: 2063
  sample_comparison_run@samples-0:
    cmd:
    - source ../../devel/setup.zsh && cd lmpcc_tools/scripts && python3 experiments/compare_samples/main.py
      parameters 10 False
    - source ../../devel/setup.zsh && roslaunch lmpcc jackalsimulator.launch overwrite_pedestrian_scenario:=true
      pedestrian_scenario:="random_fast/16_straight.xml" project_name:="../../../../../../../Documents/publications/multi-mpc-2023/results/data"
    - source ../../devel/setup.zsh && cd lmpcc_tools/scripts && python3 experiments/compare_samples/main.py
      restore
    deps:
    - path: lmpcc_tools/scripts/experiments/compare_samples/set_parameters.py
      md5: 0ac631bdb204545a7de4351605bc758b
      size: 606
    outs:
    - path: lmpcc_tools/scripts/data/../../../../../../../Documents/publications/multi-mpc-2023/results/data/10samples-random_fast-16_straight_GMPCC.txt
      md5: 85ea882d3042198c68f79fac01dd0ab2
      size: 223660987
  sample_comparison_metrics@samples-0:
    cmd:
    - source ../../devel/setup.zsh && cd lmpcc_tools/scripts && python3 metrics.py
      10samples-random_fast-16_straight GMPCC
    deps:
    - path: lmpcc_tools/scripts/data/../../../../../../../Documents/publications/multi-mpc-2023/results/data/10samples-random_fast-16_straight_GMPCC.txt
      md5: 85ea882d3042198c68f79fac01dd0ab2
      size: 223660987
    outs:
    - path: lmpcc_tools/scripts/data/../../../../../../../Documents/publications/multi-mpc-2023/results/metrics/10samples-random_fast-16_straight/GMPCC.json
      md5: b6b13a66693069d86a4631eca0c5d893
      size: 2063
