schema: '2.0'
stages:
  run@unstructured:
    cmd:
    - source ../../devel/setup.zsh && cd lmpcc_tools/scripts && python3 experiments/pedsim_benchmark_interaction/main.py
      parameters True
    - source ../../devel/setup.zsh && roslaunch lmpcc jackalsimulator.launch overwrite_pedestrian_scenario:=true
      pedestrian_scenario:="random_social/12_corridor.xml" project_name:="../../../../../../../Documents/publications/multi-mpc-2023/results/data"
    - source ../../devel/setup.zsh && cd lmpcc_tools/scripts && python3 experiments/pedsim_benchmark_interaction/main.py
      restore
    deps:
    - path: lmpcc_tools/scripts/experiments/pedsim_benchmark_interaction/set_parameters.py
      md5: 4699ea1ba22672b3399ca7d36f2b93fa
      size: 1236
    outs:
    - path: lmpcc_tools/scripts/data/../../../../../../../Documents/publications/multi-mpc-2023/results/data/interactive_random_social-12_corridor_GMPCC.txt
      md5: 88098c19ab71b96c6ea2185acbdf4492
      size: 440952542
  evaluate@unstructured:
    cmd: source ~/.zshrc && cd src/lmpcc/lmpcc_tools/scripts && python3 metrics.py
      interactive_random_social-12_corridor GMPCC && cd ../../../..
    deps:
    - path: lmpcc_tools/scripts/data/../../../../../../../Documents/publications/multi-mpc-2023/results/data/interactive_random_social-12_corridor_GMPCC.txt
      md5: 88098c19ab71b96c6ea2185acbdf4492
      size: 440952542
    outs:
    - path: lmpcc_tools/scripts/data/../../../../../../../Documents/publications/multi-mpc-2023/results/metrics/interactive_random_social-12_corridor/GMPCC.json
      md5: 7deed321a10c6e034afa325888b76f77
      size: 4329
  compare@unstructured:
    cmd: source ~/.zshrc && cd src/lmpcc/lmpcc_tools/scripts && python3 compare.py
      random_fast-16_straight
    deps:
    - path: lmpcc_tools/scripts/compare.py
      md5: 2b5f5445f1008713d465b3088ab1d8ab
      size: 11388
    - path: lmpcc_tools/scripts/data/../../../../../../../Documents/publications/multi-mpc-2023/results/metrics/random_fast-16_straight/GMPCC.json
      md5: 32204ef46c63fff0d7bf19b5f1be44c8
      size: 4313
    outs:
    - path: lmpcc_tools/scripts/data/../../../../../../../Documents/publications/multi-mpc-2023/results/../latex/tables/random_fast-16_straight.tex
      md5: 11e8fa9f2347894b66cd8e13dbfecd32
      size: 621
  run@unstructured-easy:
    cmd:
    - source ../../devel/setup.zsh && cd lmpcc_tools/scripts && python3 experiments/planning_benchmark/main.py
      parameters True
    - source ../../devel/setup.zsh && roslaunch lmpcc jackalsimulator.launch overwrite_pedestrian_scenario:=true
      pedestrian_scenario:="random_fast/8_straight.xml" project_name:="../../../../../../../Documents/publications/multi-mpc-2023/results/data"
    - source ../../devel/setup.zsh && cd lmpcc_tools/scripts && python3 experiments/planning_benchmark/main.py
      restore
    deps:
    - path: lmpcc/include/generated/ConfigurationGMPCC
      md5: b33dffc8ef9464f7bcf1ae739b90bbfa
      size: 41
    - path: lmpcc_tools/scripts/experiments/planning_benchmark/set_parameters.py
      md5: a5a583c8c59cbf521b2f3e2b312a6f4b
      size: 693
    params:
      ../pedestrian_simulator/config/configuration.yaml:
        pedestrian_simulator.pedestrians.seed: 5
      lmpcc/config/path.yaml:
        global_path.x:
        - 0
        - 3
        - 6
        - 9
        - 12
        - 15
        - 18
        - 21
        - 24
        - 27
        - 30
        - 33
        - 36
        - 39
        - 42
        - 45
        - 50
    outs:
    - path: lmpcc_tools/scripts/data/../../../../../../../Documents/publications/multi-mpc-2023/results/data/random_fast-8_straight_GMPCC.txt
      md5: 2734aa7505ae474ccf8ca5d94e5dc8d2
      size: 499152240
  evaluate@unstructured-easy:
    cmd: source ~/.zshrc && cd src/lmpcc/lmpcc_tools/scripts && python3 metrics.py
      random_fast-8_straight GMPCC && cd ../../../..
    deps:
    - path: lmpcc_tools/scripts/data/../../../../../../../Documents/publications/multi-mpc-2023/results/data/random_fast-8_straight_GMPCC.txt
      md5: 2734aa7505ae474ccf8ca5d94e5dc8d2
      size: 499152240
    outs:
    - path: lmpcc_tools/scripts/data/../../../../../../../Documents/publications/multi-mpc-2023/results/metrics/random_fast-8_straight/GMPCC.json
      md5: c5b6714af07589988facb7486e1f9a47
      size: 4921
  run@unstructured-medium:
    cmd:
    - source ../../devel/setup.zsh && cd lmpcc_tools/scripts && python3 experiments/social_planning_benchmark/main.py
      parameters True
    - source ../../devel/setup.zsh && roslaunch lmpcc jackalsimulator.launch overwrite_pedestrian_scenario:=true
      pedestrian_scenario:="random_social/12_straight.xml" project_name:="../../../../../../../Documents/publications/multi-mpc-2023/results/data"
    - source ../../devel/setup.zsh && cd lmpcc_tools/scripts && python3 experiments/social_planning_benchmark/main.py
      restore
    deps:
    - path: lmpcc/include/generated/ConfigurationGMPCC
      md5: b33dffc8ef9464f7bcf1ae739b90bbfa
      size: 41
    - path: lmpcc_tools/scripts/experiments/social_planning_benchmark/set_parameters.py
      md5: 7946228b7f107796762454531ad818df
      size: 982
    params:
      ../pedestrian_simulator/config/configuration.yaml:
        pedestrian_simulator.pedestrians.seed: 5
      lmpcc/config/path.yaml:
        global_path.x:
        - 0
        - 3
        - 6
        - 9
        - 12
        - 15
        - 18
        - 21
        - 24
        - 27
        - 30
        - 33
        - 36
        - 39
        - 42
        - 45
        - 50
    outs:
    - path: lmpcc_tools/scripts/data/../../../../../../../Documents/publications/multi-mpc-2023/results/data/random_social-12_straight_GMPCC.txt
      md5: 8155bdeef60686ba08355e5cd123bfba
      size: 528307231
  run@unstructured-super-easy:
    cmd:
    - source ../../devel/setup.zsh && cd lmpcc_tools/scripts && python3 experiments/planning_benchmark/main.py
      parameters True
    - source ../../devel/setup.zsh && roslaunch lmpcc jackalsimulator.launch overwrite_pedestrian_scenario:=true
      pedestrian_scenario:="random_fast/4_straight.xml" project_name:="../../../../../../../Documents/publications/multi-mpc-2023/results/data"
    - source ../../devel/setup.zsh && cd lmpcc_tools/scripts && python3 experiments/planning_benchmark/main.py
      restore
    deps:
    - path: lmpcc/include/generated/ConfigurationGMPCC
      md5: b33dffc8ef9464f7bcf1ae739b90bbfa
      size: 41
    - path: lmpcc_tools/scripts/experiments/planning_benchmark/set_parameters.py
      md5: a5a583c8c59cbf521b2f3e2b312a6f4b
      size: 693
    params:
      ../pedestrian_simulator/config/configuration.yaml:
        pedestrian_simulator.pedestrians.seed: 5
      lmpcc/config/path.yaml:
        global_path.x:
        - 0
        - 3
        - 6
        - 9
        - 12
        - 15
        - 18
        - 21
        - 24
        - 27
        - 30
        - 33
        - 36
        - 39
        - 42
        - 45
        - 50
    outs:
    - path: lmpcc_tools/scripts/data/../../../../../../../Documents/publications/multi-mpc-2023/results/data/random_fast-4_straight_GMPCC.txt
      md5: f622b4653b412b86038daa5a25778929
      size: 463861374
  evaluate@unstructured-super-easy:
    cmd: source ~/.zshrc && cd src/lmpcc/lmpcc_tools/scripts && python3 metrics.py
      random_fast-4_straight GMPCC && cd ../../../..
    deps:
    - path: lmpcc_tools/scripts/data/../../../../../../../Documents/publications/multi-mpc-2023/results/data/random_fast-4_straight_GMPCC.txt
      md5: f622b4653b412b86038daa5a25778929
      size: 463861374
    outs:
    - path: lmpcc_tools/scripts/data/../../../../../../../Documents/publications/multi-mpc-2023/results/metrics/random_fast-4_straight/GMPCC.json
      md5: 9c77dd58e203be6f804bc07f25d793b6
      size: 4901
  evaluate@unstructured-medium:
    cmd: source ~/.zshrc && cd src/lmpcc/lmpcc_tools/scripts && python3 metrics.py
      random_social-12_straight GMPCC && cd ../../../..
    deps:
    - path: lmpcc_tools/scripts/data/../../../../../../../Documents/publications/multi-mpc-2023/results/data/random_social-12_straight_GMPCC.txt
      md5: 8155bdeef60686ba08355e5cd123bfba
      size: 528307231
    outs:
    - path: lmpcc_tools/scripts/data/../../../../../../../Documents/publications/multi-mpc-2023/results/metrics/random_social-12_straight/GMPCC.json
      md5: 25df93b17e896a6649bf940765d60ced
      size: 5005
  compare@unstructured-medium:
    cmd: source ~/.zshrc && cd src/lmpcc/lmpcc_tools/scripts && python3 compare.py
      random_fast-12_straight
    deps:
    - path: lmpcc_tools/scripts/compare.py
      md5: 2b5f5445f1008713d465b3088ab1d8ab
      size: 11388
    - path: lmpcc_tools/scripts/data/../../../../../../../Documents/publications/multi-mpc-2023/results/metrics/random_fast-12_straight/GMPCC.json
      md5: 0ca47ab039fc4cb4075d079c4b2f109d
      size: 4315
    outs:
    - path: lmpcc_tools/scripts/data/../../../../../../../Documents/publications/multi-mpc-2023/results/../latex/tables/random_fast-12_straight.tex
      md5: c1724b8631cdde9d139141053d04f020
      size: 612
  compare@unstructured-easy:
    cmd: source ~/.zshrc && cd src/lmpcc/lmpcc_tools/scripts && python3 compare.py
      random_fast-8_straight
    deps:
    - path: lmpcc_tools/scripts/compare.py
      md5: 2b5f5445f1008713d465b3088ab1d8ab
      size: 11388
    - path: lmpcc_tools/scripts/data/../../../../../../../Documents/publications/multi-mpc-2023/results/metrics/random_fast-8_straight/GMPCC.json
      md5: edb3518f96251f448968b2365ce20de0
      size: 4305
    outs:
    - path: lmpcc_tools/scripts/data/../../../../../../../Documents/publications/multi-mpc-2023/results/../latex/tables/random_fast-8_straight.tex
      md5: f0d8836f49c664d053f63a92c7e0c678
      size: 619
  compare@unstructured-super-easy:
    cmd: source ~/.zshrc && cd src/lmpcc/lmpcc_tools/scripts && python3 compare.py
      random_fast-4_straight
    deps:
    - path: lmpcc_tools/scripts/compare.py
      md5: 2b5f5445f1008713d465b3088ab1d8ab
      size: 11388
    - path: lmpcc_tools/scripts/data/../../../../../../../Documents/publications/multi-mpc-2023/results/metrics/random_fast-4_straight/GMPCC.json
      md5: 4d1df02c9cba24cc83181c80f00f3483
      size: 4313
    outs:
    - path: lmpcc_tools/scripts/data/../../../../../../../Documents/publications/multi-mpc-2023/results/../latex/tables/random_fast-4_straight.tex
      md5: fa344c1f215570feebe0dad0b805d1bf
      size: 629
  run-lmpcc@unstructured-super-easy:
    cmd:
    - source ../../devel/setup.zsh && cd lmpcc_tools/scripts && python3 experiments/planning_benchmark/main.py
      parameters True 0
    - source ../../devel/setup.zsh && roslaunch lmpcc jackalsimulator.launch overwrite_pedestrian_scenario:=true
      pedestrian_scenario:="random_fast/4_straight.xml" project_name:="../../../../../../../Documents/publications/multi-mpc-2023/results/data"
    - source ../../devel/setup.zsh && cd lmpcc_tools/scripts && python3 experiments/planning_benchmark/main.py
      restore
    deps:
    - path: lmpcc/include/generated/ConfigurationGMPCC
      md5: b33dffc8ef9464f7bcf1ae739b90bbfa
      size: 41
    - path: lmpcc_tools/scripts/experiments/planning_benchmark/set_parameters.py
      md5: a5a583c8c59cbf521b2f3e2b312a6f4b
      size: 693
    params:
      ../pedestrian_simulator/config/configuration.yaml:
        pedestrian_simulator.pedestrians.seed: 5
      lmpcc/config/path.yaml:
        global_path.x:
        - 0
        - 3
        - 6
        - 9
        - 12
        - 15
        - 18
        - 21
        - 24
        - 27
        - 30
        - 33
        - 36
        - 39
        - 42
        - 45
        - 50
    outs:
    - path: lmpcc_tools/scripts/data/../../../../../../../Documents/publications/multi-mpc-2023/results/data/random_fast-4_straight_LMPCC.txt
      md5: c97cdc94e8f60c0fa2961aae7eb66e62
      size: 229210080
  evaluate-lmpcc@unstructured-super-easy:
    cmd: source ~/.zshrc && cd src/lmpcc/lmpcc_tools/scripts && python3 metrics.py
      random_fast-4_straight LMPCC && cd ../../../..
    deps:
    - path: lmpcc_tools/scripts/data/../../../../../../../Documents/publications/multi-mpc-2023/results/data/random_fast-4_straight_LMPCC.txt
      md5: c97cdc94e8f60c0fa2961aae7eb66e62
      size: 229210080
    outs:
    - path: lmpcc_tools/scripts/data/../../../../../../../Documents/publications/multi-mpc-2023/results/metrics/random_fast-4_straight/LMPCC.json
      md5: e57fb6257459f49951803bb79b60181b
      size: 4885
  run-lmpcc@unstructured-medium:
    cmd:
    - source ../../devel/setup.zsh && cd lmpcc_tools/scripts && python3 experiments/social_planning_benchmark/main.py
      parameters True 0
    - source ../../devel/setup.zsh && roslaunch lmpcc jackalsimulator.launch overwrite_pedestrian_scenario:=true
      pedestrian_scenario:="random_social/12_straight.xml" project_name:="../../../../../../../Documents/publications/multi-mpc-2023/results/data"
    - source ../../devel/setup.zsh && cd lmpcc_tools/scripts && python3 experiments/social_planning_benchmark/main.py
      restore
    deps:
    - path: lmpcc/include/generated/ConfigurationGMPCC
      md5: b33dffc8ef9464f7bcf1ae739b90bbfa
      size: 41
    - path: lmpcc_tools/scripts/experiments/social_planning_benchmark/set_parameters.py
      md5: 7946228b7f107796762454531ad818df
      size: 982
    params:
      ../pedestrian_simulator/config/configuration.yaml:
        pedestrian_simulator.pedestrians.seed: 5
      lmpcc/config/path.yaml:
        global_path.x:
        - 0
        - 3
        - 6
        - 9
        - 12
        - 15
        - 18
        - 21
        - 24
        - 27
        - 30
        - 33
        - 36
        - 39
        - 42
        - 45
        - 50
    outs:
    - path: lmpcc_tools/scripts/data/../../../../../../../Documents/publications/multi-mpc-2023/results/data/random_social-12_straight_LMPCC.txt
      md5: 3a1e75a9917ba82bb73ceb41a5c78596
      size: 276247831
  run-lmpcc@unstructured:
    cmd:
    - source ../../devel/setup.zsh && cd lmpcc_tools/scripts && python3 experiments/pedsim_benchmark_interaction/main.py
      parameters True 0
    - source ../../devel/setup.zsh && roslaunch lmpcc jackalsimulator.launch overwrite_pedestrian_scenario:=true
      pedestrian_scenario:="random_social/12_corridor.xml" project_name:="../../../../../../../Documents/publications/multi-mpc-2023/results/data"
    - source ../../devel/setup.zsh && cd lmpcc_tools/scripts && python3 experiments/pedsim_benchmark_interaction/main.py
      restore
    deps:
    - path: lmpcc/include/generated/ConfigurationGMPCC
      md5: 33499c770ce07bf4a758810ed25c245b
      size: 41
    - path: lmpcc_tools/scripts/experiments/pedsim_benchmark_interaction/set_parameters.py
      md5: 4699ea1ba22672b3399ca7d36f2b93fa
      size: 1236
    outs:
    - path: lmpcc_tools/scripts/data/../../../../../../../Documents/publications/multi-mpc-2023/results/data/interactive_random_social-12_corridor_LMPCC.txt
      md5: 9ccf30e18ba84272cad828d5e4589a38
      size: 228851240
  evaluate-lmpcc@unstructured:
    cmd: source ~/.zshrc && cd src/lmpcc/lmpcc_tools/scripts && python3 metrics.py
      interactive_random_social-12_corridor LMPCC && cd ../../../..
    deps:
    - path: lmpcc_tools/scripts/data/../../../../../../../Documents/publications/multi-mpc-2023/results/data/interactive_random_social-12_corridor_LMPCC.txt
      md5: 9ccf30e18ba84272cad828d5e4589a38
      size: 228851240
    outs:
    - path: lmpcc_tools/scripts/data/../../../../../../../Documents/publications/multi-mpc-2023/results/metrics/interactive_random_social-12_corridor/LMPCC.json
      md5: 92a0d2d78fe576f2b9fc1abf0b39ad4b
      size: 4291
  evaluate-lmpcc@unstructured-medium:
    cmd: source ~/.zshrc && cd src/lmpcc/lmpcc_tools/scripts && python3 metrics.py
      random_social-12_straight LMPCC && cd ../../../..
    deps:
    - path: lmpcc_tools/scripts/data/../../../../../../../Documents/publications/multi-mpc-2023/results/data/random_social-12_straight_LMPCC.txt
      md5: 3a1e75a9917ba82bb73ceb41a5c78596
      size: 276247831
    outs:
    - path: lmpcc_tools/scripts/data/../../../../../../../Documents/publications/multi-mpc-2023/results/metrics/random_social-12_straight/LMPCC.json
      md5: 6876b51c1c4a2a4a4e80fe38d0edde04
      size: 4967
  run-lmpcc@unstructured-easy:
    cmd:
    - source ../../devel/setup.zsh && cd lmpcc_tools/scripts && python3 experiments/planning_benchmark/main.py
      parameters True 0
    - source ../../devel/setup.zsh && roslaunch lmpcc jackalsimulator.launch overwrite_pedestrian_scenario:=true
      pedestrian_scenario:="random_fast/8_straight.xml" project_name:="../../../../../../../Documents/publications/multi-mpc-2023/results/data"
    - source ../../devel/setup.zsh && cd lmpcc_tools/scripts && python3 experiments/planning_benchmark/main.py
      restore
    deps:
    - path: lmpcc/include/generated/ConfigurationGMPCC
      md5: b33dffc8ef9464f7bcf1ae739b90bbfa
      size: 41
    - path: lmpcc_tools/scripts/experiments/planning_benchmark/set_parameters.py
      md5: a5a583c8c59cbf521b2f3e2b312a6f4b
      size: 693
    params:
      ../pedestrian_simulator/config/configuration.yaml:
        pedestrian_simulator.pedestrians.seed: 5
      lmpcc/config/path.yaml:
        global_path.x:
        - 0
        - 3
        - 6
        - 9
        - 12
        - 15
        - 18
        - 21
        - 24
        - 27
        - 30
        - 33
        - 36
        - 39
        - 42
        - 45
        - 50
    outs:
    - path: lmpcc_tools/scripts/data/../../../../../../../Documents/publications/multi-mpc-2023/results/data/random_fast-8_straight_LMPCC.txt
      md5: aab6c090d090a0f95f8aec08b954da62
      size: 253271026
  evaluate-lmpcc@unstructured-easy:
    cmd: source ~/.zshrc && cd src/lmpcc/lmpcc_tools/scripts && python3 metrics.py
      random_fast-8_straight LMPCC && cd ../../../..
    deps:
    - path: lmpcc_tools/scripts/data/../../../../../../../Documents/publications/multi-mpc-2023/results/data/random_fast-8_straight_LMPCC.txt
      md5: aab6c090d090a0f95f8aec08b954da62
      size: 253271026
    outs:
    - path: lmpcc_tools/scripts/data/../../../../../../../Documents/publications/multi-mpc-2023/results/metrics/random_fast-8_straight/LMPCC.json
      md5: 13029ee5dcda11d384c47963efb4b1e1
      size: 4901
  run-no-original@unstructured:
    cmd:
    - source ../../devel/setup.zsh && cd lmpcc_tools/scripts && python3 experiments/pedsim_benchmark_interaction/main.py
      parameters False
    - source ../../devel/setup.zsh && roslaunch lmpcc jackalsimulator.launch overwrite_pedestrian_scenario:=true
      pedestrian_scenario:="random_social/12_corridor.xml" project_name:="../../../../../../../Documents/publications/multi-mpc-2023/results/data"
    - source ../../devel/setup.zsh && cd lmpcc_tools/scripts && python3 experiments/pedsim_benchmark_interaction/main.py
      restore
    deps:
    - path: lmpcc/include/generated/ConfigurationGMPCC
      md5: 33499c770ce07bf4a758810ed25c245b
      size: 41
    - path: lmpcc_tools/scripts/experiments/pedsim_benchmark_interaction/set_parameters.py
      md5: 4699ea1ba22672b3399ca7d36f2b93fa
      size: 1236
    outs:
    - path: lmpcc_tools/scripts/data/../../../../../../../Documents/publications/multi-mpc-2023/results/data/interactive_random_social-12_corridor_GMPCCNO.txt
      md5: 412898933b43fff54e3f2ccca6460c86
      size: 433787578
  run-no-original@unstructured-super-easy:
    cmd:
    - source ../../devel/setup.zsh && cd lmpcc_tools/scripts && python3 experiments/planning_benchmark/main.py
      parameters False
    - source ../../devel/setup.zsh && roslaunch lmpcc jackalsimulator.launch overwrite_pedestrian_scenario:=true
      pedestrian_scenario:="random_fast/4_straight.xml" project_name:="../../../../../../../Documents/publications/multi-mpc-2023/results/data"
    - source ../../devel/setup.zsh && cd lmpcc_tools/scripts && python3 experiments/planning_benchmark/main.py
      restore
    deps:
    - path: lmpcc/include/generated/ConfigurationGMPCC
      md5: b33dffc8ef9464f7bcf1ae739b90bbfa
      size: 41
    - path: lmpcc_tools/scripts/experiments/planning_benchmark/set_parameters.py
      md5: a5a583c8c59cbf521b2f3e2b312a6f4b
      size: 693
    params:
      ../pedestrian_simulator/config/configuration.yaml:
        pedestrian_simulator.pedestrians.seed: 5
      lmpcc/config/path.yaml:
        global_path.x:
        - 0
        - 3
        - 6
        - 9
        - 12
        - 15
        - 18
        - 21
        - 24
        - 27
        - 30
        - 33
        - 36
        - 39
        - 42
        - 45
        - 50
    outs:
    - path: lmpcc_tools/scripts/data/../../../../../../../Documents/publications/multi-mpc-2023/results/data/random_fast-4_straight_GMPCCNO.txt
      md5: db8fd97bb21af17ee01c75e8b1aedd78
      size: 391758772
  evaluate-no-original@unstructured-super-easy:
    cmd: source ~/.zshrc && cd src/lmpcc/lmpcc_tools/scripts && python3 metrics.py
      random_fast-4_straight GMPCCNO && cd ../../../..
    deps:
    - path: lmpcc_tools/scripts/data/../../../../../../../Documents/publications/multi-mpc-2023/results/data/random_fast-4_straight_GMPCCNO.txt
      md5: db8fd97bb21af17ee01c75e8b1aedd78
      size: 391758772
    outs:
    - path: lmpcc_tools/scripts/data/../../../../../../../Documents/publications/multi-mpc-2023/results/metrics/random_fast-4_straight/GMPCCNO.json
      md5: 3b4779c793498bb67ab43c59cc705471
      size: 4921
  evaluate-no-original@unstructured:
    cmd: source ~/.zshrc && cd src/lmpcc/lmpcc_tools/scripts && python3 metrics.py
      interactive_random_social-12_corridor GMPCCNO && cd ../../../..
    deps:
    - path: lmpcc_tools/scripts/data/../../../../../../../Documents/publications/multi-mpc-2023/results/data/interactive_random_social-12_corridor_GMPCCNO.txt
      md5: 412898933b43fff54e3f2ccca6460c86
      size: 433787578
    outs:
    - path: lmpcc_tools/scripts/data/../../../../../../../Documents/publications/multi-mpc-2023/results/metrics/interactive_random_social-12_corridor/GMPCCNO.json
      md5: b51f26ef4c6221359df1e2bb39593d1a
      size: 4352
  run-no-original@unstructured-medium:
    cmd:
    - source ../../devel/setup.zsh && cd lmpcc_tools/scripts && python3 experiments/social_planning_benchmark/main.py
      parameters False
    - source ../../devel/setup.zsh && roslaunch lmpcc jackalsimulator.launch overwrite_pedestrian_scenario:=true
      pedestrian_scenario:="random_social/12_straight.xml" project_name:="../../../../../../../Documents/publications/multi-mpc-2023/results/data"
    - source ../../devel/setup.zsh && cd lmpcc_tools/scripts && python3 experiments/social_planning_benchmark/main.py
      restore
    deps:
    - path: lmpcc/include/generated/ConfigurationGMPCC
      md5: b33dffc8ef9464f7bcf1ae739b90bbfa
      size: 41
    - path: lmpcc_tools/scripts/experiments/social_planning_benchmark/set_parameters.py
      md5: 7946228b7f107796762454531ad818df
      size: 982
    params:
      ../pedestrian_simulator/config/configuration.yaml:
        pedestrian_simulator.pedestrians.seed: 5
      lmpcc/config/path.yaml:
        global_path.x:
        - 0
        - 3
        - 6
        - 9
        - 12
        - 15
        - 18
        - 21
        - 24
        - 27
        - 30
        - 33
        - 36
        - 39
        - 42
        - 45
        - 50
    outs:
    - path: lmpcc_tools/scripts/data/../../../../../../../Documents/publications/multi-mpc-2023/results/data/random_social-12_straight_GMPCCNO.txt
      md5: f028ee78baf1b9721c71425f62acdb3b
      size: 463056914
  evaluate-no-original@unstructured-medium:
    cmd: source ~/.zshrc && cd src/lmpcc/lmpcc_tools/scripts && python3 metrics.py
      random_social-12_straight GMPCCNO && cd ../../../..
    deps:
    - path: lmpcc_tools/scripts/data/../../../../../../../Documents/publications/multi-mpc-2023/results/data/random_social-12_straight_GMPCCNO.txt
      md5: f028ee78baf1b9721c71425f62acdb3b
      size: 463056914
    outs:
    - path: lmpcc_tools/scripts/data/../../../../../../../Documents/publications/multi-mpc-2023/results/metrics/random_social-12_straight/GMPCCNO.json
      md5: 08c875c7bb128434d66ccda676786f07
      size: 5026
  run-no-original@unstructured-easy:
    cmd:
    - source ../../devel/setup.zsh && cd lmpcc_tools/scripts && python3 experiments/planning_benchmark/main.py
      parameters False
    - source ../../devel/setup.zsh && roslaunch lmpcc jackalsimulator.launch overwrite_pedestrian_scenario:=true
      pedestrian_scenario:="random_fast/8_straight.xml" project_name:="../../../../../../../Documents/publications/multi-mpc-2023/results/data"
    - source ../../devel/setup.zsh && cd lmpcc_tools/scripts && python3 experiments/planning_benchmark/main.py
      restore
    deps:
    - path: lmpcc/include/generated/ConfigurationGMPCC
      md5: b33dffc8ef9464f7bcf1ae739b90bbfa
      size: 41
    - path: lmpcc_tools/scripts/experiments/planning_benchmark/set_parameters.py
      md5: a5a583c8c59cbf521b2f3e2b312a6f4b
      size: 693
    params:
      ../pedestrian_simulator/config/configuration.yaml:
        pedestrian_simulator.pedestrians.seed: 5
      lmpcc/config/path.yaml:
        global_path.x:
        - 0
        - 3
        - 6
        - 9
        - 12
        - 15
        - 18
        - 21
        - 24
        - 27
        - 30
        - 33
        - 36
        - 39
        - 42
        - 45
        - 50
    outs:
    - path: lmpcc_tools/scripts/data/../../../../../../../Documents/publications/multi-mpc-2023/results/data/random_fast-8_straight_GMPCCNO.txt
      md5: 9f36b5a593667a9be56407db949a5654
      size: 432204640
  evaluate-no-original@unstructured-easy:
    cmd: source ~/.zshrc && cd src/lmpcc/lmpcc_tools/scripts && python3 metrics.py
      random_fast-8_straight GMPCCNO && cd ../../../..
    deps:
    - path: lmpcc_tools/scripts/data/../../../../../../../Documents/publications/multi-mpc-2023/results/data/random_fast-8_straight_GMPCCNO.txt
      md5: 9f36b5a593667a9be56407db949a5654
      size: 432204640
    outs:
    - path: lmpcc_tools/scripts/data/../../../../../../../Documents/publications/multi-mpc-2023/results/metrics/random_fast-8_straight/GMPCCNO.json
      md5: b44c54c1faaf38703c6fdc841599d868
      size: 4928
  compare:
    cmd: source ~/.zshrc && cd src/lmpcc/lmpcc_tools/scripts && python3 compare.py
      -o "pedsim_interaction" -l "interactive_random_social-12_corridor" "interactive_random_social-8_corridor"
      "interactive_random_social-4_corridor"
    deps:
    - path: lmpcc_tools/scripts/compare.py
      md5: df107af9fff6f02259f3de57b6c121c1
      size: 16320
    - path: lmpcc_tools/scripts/data/../../../../../../../Documents/publications/multi-mpc-2023/results/metrics/interactive_random_social-12_corridor/GMPCC.json
      md5: 7deed321a10c6e034afa325888b76f77
      size: 4329
    - path: lmpcc_tools/scripts/data/../../../../../../../Documents/publications/multi-mpc-2023/results/metrics/interactive_random_social-12_corridor/GMPCCNO.json
      md5: b51f26ef4c6221359df1e2bb39593d1a
      size: 4352
    - path: lmpcc_tools/scripts/data/../../../../../../../Documents/publications/multi-mpc-2023/results/metrics/interactive_random_social-12_corridor/LMPCC.json
      md5: 92a0d2d78fe576f2b9fc1abf0b39ad4b
      size: 4291
    - path: lmpcc_tools/scripts/data/../../../../../../../Documents/publications/multi-mpc-2023/results/metrics/interactive_random_social-4_corridor/GMPCC.json
      md5: 044d34195a71bba4df95d0e8b01711dc
      size: 4313
    - path: lmpcc_tools/scripts/data/../../../../../../../Documents/publications/multi-mpc-2023/results/metrics/interactive_random_social-4_corridor/GMPCCNO.json
      md5: 9211c4d3600c9ac0fb3334e1022eed9b
      size: 4310
    - path: lmpcc_tools/scripts/data/../../../../../../../Documents/publications/multi-mpc-2023/results/metrics/interactive_random_social-4_corridor/LMPCC.json
      md5: 61a2ecefebee6958b2f2a00e643df953
      size: 4277
    - path: lmpcc_tools/scripts/data/../../../../../../../Documents/publications/multi-mpc-2023/results/metrics/interactive_random_social-8_corridor/GMPCC.json
      md5: 3328b9868637e185729a527c08d8f1c6
      size: 4324
    - path: lmpcc_tools/scripts/data/../../../../../../../Documents/publications/multi-mpc-2023/results/metrics/interactive_random_social-8_corridor/GMPCCNO.json
      md5: 0670e65c4ee775eaf11e2deeb57ad78f
      size: 4316
    - path: lmpcc_tools/scripts/data/../../../../../../../Documents/publications/multi-mpc-2023/results/metrics/interactive_random_social-8_corridor/LMPCC.json
      md5: 6bac18c4ff2d61e8d6be03d7128eb631
      size: 4305
    outs:
    - path: lmpcc_tools/scripts/data/../../../../../../../Documents/publications/multi-mpc-2023/results/../latex/tables/pedsim_interaction.tex
      md5: 815938e9c06b7c3464da30308552f54b
      size: 1071
  figures:
    cmd: source ~/.zshrc && cd src/lmpcc/lmpcc_tools/scripts && python3 analysis.py
      pedsim_interactive_boxplots
    deps:
    - path: lmpcc_tools/scripts/analysis.py
      md5: a99d7fcf18f1de456fa1c4364af72614
      size: 9334
    - path: lmpcc_tools/scripts/data/../../../../../../../Documents/publications/multi-mpc-2023/results/metrics/interactive_random_social-12_corridor/GMPCC.json
      md5: 7deed321a10c6e034afa325888b76f77
      size: 4329
    - path: lmpcc_tools/scripts/data/../../../../../../../Documents/publications/multi-mpc-2023/results/metrics/interactive_random_social-12_corridor/GMPCCNO.json
      md5: b51f26ef4c6221359df1e2bb39593d1a
      size: 4352
    - path: lmpcc_tools/scripts/data/../../../../../../../Documents/publications/multi-mpc-2023/results/metrics/interactive_random_social-12_corridor/LMPCC.json
      md5: 92a0d2d78fe576f2b9fc1abf0b39ad4b
      size: 4291
    - path: lmpcc_tools/scripts/data/../../../../../../../Documents/publications/multi-mpc-2023/results/metrics/interactive_random_social-4_corridor/GMPCC.json
      md5: 044d34195a71bba4df95d0e8b01711dc
      size: 4313
    - path: lmpcc_tools/scripts/data/../../../../../../../Documents/publications/multi-mpc-2023/results/metrics/interactive_random_social-4_corridor/GMPCCNO.json
      md5: 9211c4d3600c9ac0fb3334e1022eed9b
      size: 4310
    - path: lmpcc_tools/scripts/data/../../../../../../../Documents/publications/multi-mpc-2023/results/metrics/interactive_random_social-4_corridor/LMPCC.json
      md5: 61a2ecefebee6958b2f2a00e643df953
      size: 4277
    - path: lmpcc_tools/scripts/data/../../../../../../../Documents/publications/multi-mpc-2023/results/metrics/interactive_random_social-8_corridor/GMPCC.json
      md5: 3328b9868637e185729a527c08d8f1c6
      size: 4324
    - path: lmpcc_tools/scripts/data/../../../../../../../Documents/publications/multi-mpc-2023/results/metrics/interactive_random_social-8_corridor/GMPCCNO.json
      md5: 0670e65c4ee775eaf11e2deeb57ad78f
      size: 4316
    - path: lmpcc_tools/scripts/data/../../../../../../../Documents/publications/multi-mpc-2023/results/metrics/interactive_random_social-8_corridor/LMPCC.json
      md5: 6bac18c4ff2d61e8d6be03d7128eb631
      size: 4305
    outs:
    - path: lmpcc_tools/scripts/data/../../../../../../../Documents/publications/multi-mpc-2023/results/figures/pedsim_interactive_duration.pdf
      md5: 24c5982dd63e216128ff4f8719ada861
      size: 57798
    - path: lmpcc_tools/scripts/data/../../../../../../../Documents/publications/multi-mpc-2023/results/figures/pedsim_interactive_infeasibility.pdf
      md5: 8b27cafd884cb440111abc2a4cccc323
      size: 88045
  run@low:
    cmd:
    - source ../../devel/setup.zsh && cd lmpcc_tools/scripts && python3 experiments/pedsim_benchmark_interaction/main.py
      parameters True
    - source ../../devel/setup.zsh && roslaunch lmpcc jackalsimulator.launch overwrite_pedestrian_scenario:=true
      pedestrian_scenario:="random_social/4_corridor.xml" project_name:="../../../../../../../Documents/publications/multi-mpc-2023/results/data"
    - source ../../devel/setup.zsh && cd lmpcc_tools/scripts && python3 experiments/pedsim_benchmark_interaction/main.py
      restore
    deps:
    - path: lmpcc_tools/scripts/experiments/pedsim_benchmark_interaction/set_parameters.py
      md5: 4699ea1ba22672b3399ca7d36f2b93fa
      size: 1236
    outs:
    - path: lmpcc_tools/scripts/data/../../../../../../../Documents/publications/multi-mpc-2023/results/data/interactive_random_social-4_corridor_GMPCC.txt
      md5: 66d045554a21a6cc6a037f1b5ae05ea8
      size: 387604106
  evaluate@low:
    cmd: source ~/.zshrc && cd src/lmpcc/lmpcc_tools/scripts && python3 metrics.py
      interactive_random_social-4_corridor GMPCC && cd ../../../..
    deps:
    - path: lmpcc_tools/scripts/data/../../../../../../../Documents/publications/multi-mpc-2023/results/data/interactive_random_social-4_corridor_GMPCC.txt
      md5: 66d045554a21a6cc6a037f1b5ae05ea8
      size: 387604106
    outs:
    - path: lmpcc_tools/scripts/data/../../../../../../../Documents/publications/multi-mpc-2023/results/metrics/interactive_random_social-4_corridor/GMPCC.json
      md5: 044d34195a71bba4df95d0e8b01711dc
      size: 4313
  run-lmpcc@low:
    cmd:
    - source ../../devel/setup.zsh && cd lmpcc_tools/scripts && python3 experiments/pedsim_benchmark_interaction/main.py
      parameters True 0
    - source ../../devel/setup.zsh && roslaunch lmpcc jackalsimulator.launch overwrite_pedestrian_scenario:=true
      pedestrian_scenario:="random_social/4_corridor.xml" project_name:="../../../../../../../Documents/publications/multi-mpc-2023/results/data"
    - source ../../devel/setup.zsh && cd lmpcc_tools/scripts && python3 experiments/pedsim_benchmark_interaction/main.py
      restore
    deps:
    - path: lmpcc/include/generated/ConfigurationGMPCC
      md5: 33499c770ce07bf4a758810ed25c245b
      size: 41
    - path: lmpcc_tools/scripts/experiments/pedsim_benchmark_interaction/set_parameters.py
      md5: 4699ea1ba22672b3399ca7d36f2b93fa
      size: 1236
    outs:
    - path: lmpcc_tools/scripts/data/../../../../../../../Documents/publications/multi-mpc-2023/results/data/interactive_random_social-4_corridor_LMPCC.txt
      md5: 055bc9ec2053a0b92974485fdb3062db
      size: 192255714
  evaluate-lmpcc@low:
    cmd: source ~/.zshrc && cd src/lmpcc/lmpcc_tools/scripts && python3 metrics.py
      interactive_random_social-4_corridor LMPCC && cd ../../../..
    deps:
    - path: lmpcc_tools/scripts/data/../../../../../../../Documents/publications/multi-mpc-2023/results/data/interactive_random_social-4_corridor_LMPCC.txt
      md5: 055bc9ec2053a0b92974485fdb3062db
      size: 192255714
    outs:
    - path: lmpcc_tools/scripts/data/../../../../../../../Documents/publications/multi-mpc-2023/results/metrics/interactive_random_social-4_corridor/LMPCC.json
      md5: 61a2ecefebee6958b2f2a00e643df953
      size: 4277
  run-no-original@medium:
    cmd:
    - source ../../devel/setup.zsh && cd lmpcc_tools/scripts && python3 experiments/pedsim_benchmark_interaction/main.py
      parameters False
    - source ../../devel/setup.zsh && roslaunch lmpcc jackalsimulator.launch overwrite_pedestrian_scenario:=true
      pedestrian_scenario:="random_social/8_corridor.xml" project_name:="../../../../../../../Documents/publications/multi-mpc-2023/results/data"
    - source ../../devel/setup.zsh && cd lmpcc_tools/scripts && python3 experiments/pedsim_benchmark_interaction/main.py
      restore
    deps:
    - path: lmpcc/include/generated/ConfigurationGMPCC
      md5: 33499c770ce07bf4a758810ed25c245b
      size: 41
    - path: lmpcc_tools/scripts/experiments/pedsim_benchmark_interaction/set_parameters.py
      md5: 4699ea1ba22672b3399ca7d36f2b93fa
      size: 1236
    outs:
    - path: lmpcc_tools/scripts/data/../../../../../../../Documents/publications/multi-mpc-2023/results/data/interactive_random_social-8_corridor_GMPCCNO.txt
      md5: f3d9ae5bcba9c788ecf862d2d1cf3421
      size: 361332606
  run-lmpcc@medium:
    cmd:
    - source ../../devel/setup.zsh && cd lmpcc_tools/scripts && python3 experiments/pedsim_benchmark_interaction/main.py
      parameters True 0
    - source ../../devel/setup.zsh && roslaunch lmpcc jackalsimulator.launch overwrite_pedestrian_scenario:=true
      pedestrian_scenario:="random_social/8_corridor.xml" project_name:="../../../../../../../Documents/publications/multi-mpc-2023/results/data"
    - source ../../devel/setup.zsh && cd lmpcc_tools/scripts && python3 experiments/pedsim_benchmark_interaction/main.py
      restore
    deps:
    - path: lmpcc/include/generated/ConfigurationGMPCC
      md5: 33499c770ce07bf4a758810ed25c245b
      size: 41
    - path: lmpcc_tools/scripts/experiments/pedsim_benchmark_interaction/set_parameters.py
      md5: 4699ea1ba22672b3399ca7d36f2b93fa
      size: 1236
    outs:
    - path: lmpcc_tools/scripts/data/../../../../../../../Documents/publications/multi-mpc-2023/results/data/interactive_random_social-8_corridor_LMPCC.txt
      md5: 9495928aa5380535e03ac2c6c2ea9553
      size: 219202973
  evaluate-lmpcc@medium:
    cmd: source ~/.zshrc && cd src/lmpcc/lmpcc_tools/scripts && python3 metrics.py
      interactive_random_social-8_corridor LMPCC && cd ../../../..
    deps:
    - path: lmpcc_tools/scripts/data/../../../../../../../Documents/publications/multi-mpc-2023/results/data/interactive_random_social-8_corridor_LMPCC.txt
      md5: 9495928aa5380535e03ac2c6c2ea9553
      size: 219202973
    outs:
    - path: lmpcc_tools/scripts/data/../../../../../../../Documents/publications/multi-mpc-2023/results/metrics/interactive_random_social-8_corridor/LMPCC.json
      md5: 6bac18c4ff2d61e8d6be03d7128eb631
      size: 4305
  run-no-original@low:
    cmd:
    - source ../../devel/setup.zsh && cd lmpcc_tools/scripts && python3 experiments/pedsim_benchmark_interaction/main.py
      parameters False
    - source ../../devel/setup.zsh && roslaunch lmpcc jackalsimulator.launch overwrite_pedestrian_scenario:=true
      pedestrian_scenario:="random_social/4_corridor.xml" project_name:="../../../../../../../Documents/publications/multi-mpc-2023/results/data"
    - source ../../devel/setup.zsh && cd lmpcc_tools/scripts && python3 experiments/pedsim_benchmark_interaction/main.py
      restore
    deps:
    - path: lmpcc/include/generated/ConfigurationGMPCC
      md5: 33499c770ce07bf4a758810ed25c245b
      size: 41
    - path: lmpcc_tools/scripts/experiments/pedsim_benchmark_interaction/set_parameters.py
      md5: 4699ea1ba22672b3399ca7d36f2b93fa
      size: 1236
    outs:
    - path: lmpcc_tools/scripts/data/../../../../../../../Documents/publications/multi-mpc-2023/results/data/interactive_random_social-4_corridor_GMPCCNO.txt
      md5: c9df47ce27facd7f51beb04d0276ad9e
      size: 332171941
  evaluate-no-original@low:
    cmd: source ~/.zshrc && cd src/lmpcc/lmpcc_tools/scripts && python3 metrics.py
      interactive_random_social-4_corridor GMPCCNO && cd ../../../..
    deps:
    - path: lmpcc_tools/scripts/data/../../../../../../../Documents/publications/multi-mpc-2023/results/data/interactive_random_social-4_corridor_GMPCCNO.txt
      md5: c9df47ce27facd7f51beb04d0276ad9e
      size: 332171941
    outs:
    - path: lmpcc_tools/scripts/data/../../../../../../../Documents/publications/multi-mpc-2023/results/metrics/interactive_random_social-4_corridor/GMPCCNO.json
      md5: 9211c4d3600c9ac0fb3334e1022eed9b
      size: 4310
  run@medium:
    cmd:
    - source ../../devel/setup.zsh && cd lmpcc_tools/scripts && python3 experiments/pedsim_benchmark_interaction/main.py
      parameters True
    - source ../../devel/setup.zsh && roslaunch lmpcc jackalsimulator.launch overwrite_pedestrian_scenario:=true
      pedestrian_scenario:="random_social/8_corridor.xml" project_name:="../../../../../../../Documents/publications/multi-mpc-2023/results/data"
    - source ../../devel/setup.zsh && cd lmpcc_tools/scripts && python3 experiments/pedsim_benchmark_interaction/main.py
      restore
    deps:
    - path: lmpcc_tools/scripts/experiments/pedsim_benchmark_interaction/set_parameters.py
      md5: 4699ea1ba22672b3399ca7d36f2b93fa
      size: 1236
    outs:
    - path: lmpcc_tools/scripts/data/../../../../../../../Documents/publications/multi-mpc-2023/results/data/interactive_random_social-8_corridor_GMPCC.txt
      md5: 2ffc8b77a0fe8432f647cd27b49383f2
      size: 412582802
  evaluate@medium:
    cmd: source ~/.zshrc && cd src/lmpcc/lmpcc_tools/scripts && python3 metrics.py
      interactive_random_social-8_corridor GMPCC && cd ../../../..
    deps:
    - path: lmpcc_tools/scripts/data/../../../../../../../Documents/publications/multi-mpc-2023/results/data/interactive_random_social-8_corridor_GMPCC.txt
      md5: 2ffc8b77a0fe8432f647cd27b49383f2
      size: 412582802
    outs:
    - path: lmpcc_tools/scripts/data/../../../../../../../Documents/publications/multi-mpc-2023/results/metrics/interactive_random_social-8_corridor/GMPCC.json
      md5: 3328b9868637e185729a527c08d8f1c6
      size: 4324
  evaluate-no-original@medium:
    cmd: source ~/.zshrc && cd src/lmpcc/lmpcc_tools/scripts && python3 metrics.py
      interactive_random_social-8_corridor GMPCCNO && cd ../../../..
    deps:
    - path: lmpcc_tools/scripts/data/../../../../../../../Documents/publications/multi-mpc-2023/results/data/interactive_random_social-8_corridor_GMPCCNO.txt
      md5: f3d9ae5bcba9c788ecf862d2d1cf3421
      size: 361332606
    outs:
    - path: lmpcc_tools/scripts/data/../../../../../../../Documents/publications/multi-mpc-2023/results/metrics/interactive_random_social-8_corridor/GMPCCNO.json
      md5: 0670e65c4ee775eaf11e2deeb57ad78f
      size: 4316
