schema: '2.0'
stages:
  run@unstructured:
    cmd:
    - source ../../devel/setup.zsh && cd lmpcc_tools/scripts && python3 experiments/planning_benchmark/main.py
      parameters True
    - source ../../devel/setup.zsh && roslaunch lmpcc jackalsimulator.launch overwrite_pedestrian_scenario:=true
      pedestrian_scenario:="random_fast/16_straight.xml" project_name:="../../../../../../../Documents/publications/multi-mpc-2023/results/data"
    - source ../../devel/setup.zsh && cd lmpcc_tools/scripts && python3 experiments/planning_benchmark/main.py
      restore
    deps:
    - path: lmpcc/include/generated/ConfigurationGMPCC
      md5: 79e2560d2d34bd958301c2de78b91463
      size: 41
    - path: lmpcc_tools/scripts/experiments/planning_benchmark/set_parameters.py
      md5: a5a583c8c59cbf521b2f3e2b312a6f4b
      size: 693
    params:
      ../pedestrian_simulator/config/configuration.yaml:
        pedestrian_simulator.pedestrians.seed: 5
      lmpcc/config/path.yaml:
        global_path.x:
        - 0
        - 3
        - 6
        - 9
        - 12
        - 15
        - 18
        - 21
        - 24
        - 27
        - 30
        - 33
        - 36
        - 39
        - 42
        - 45
        - 50
    outs:
    - path: lmpcc_tools/scripts/data/../../../../../../../Documents/publications/multi-mpc-2023/results/data/random_fast-16_straight_GMPCC.txt
      md5: 8c20f739358d6cb5a2e7b808104957a3
      size: 553610571
  evaluate@unstructured:
    cmd: source ~/.zshrc && cd src/lmpcc/lmpcc_tools/scripts && python3 metrics.py
      1-random_fast-12_straight GMPCC && cd ../../../..
    deps:
    - path: lmpcc_tools/scripts/data/../../../../../../../Documents/publications/multi-mpc-2023/results/data/1-random_fast-12_straight_GMPCC.txt
      md5: 0d60da1cd4f35993f924185c3dcf793a
      size: 6393396
    outs:
    - path: lmpcc_tools/scripts/data/../../../../../../../Documents/publications/multi-mpc-2023/results/metrics/1-random_fast-12_straight/GMPCC.json
      md5: 74f292ac40bf0c25ac6a1441a89a38aa
      size: 577
  compare@unstructured:
    cmd: source ~/.zshrc && cd src/lmpcc/lmpcc_tools/scripts && python3 compare.py
      random_fast-16_straight
    deps:
    - path: lmpcc_tools/scripts/compare.py
      md5: a4986850d5fc6093f82ea51a5a1e324a
      size: 10626
    - path: lmpcc_tools/scripts/data/../../../../../../../Documents/publications/multi-mpc-2023/results/metrics/random_fast-16_straight/GMPCC.json
      md5: 32204ef46c63fff0d7bf19b5f1be44c8
      size: 4313
    outs:
    - path: lmpcc_tools/scripts/data/../../../../../../../Documents/publications/multi-mpc-2023/results/../latex/tables/random_fast-16_straight.tex
      md5: 03c34635532d71c9ebe6ff5add86b2ff
      size: 482
  run@unstructured-easy:
    cmd:
    - source ../../devel/setup.zsh && cd lmpcc_tools/scripts && python3 experiments/planning_benchmark/main.py
      parameters True
    - source ../../devel/setup.zsh && roslaunch lmpcc jackalsimulator.launch overwrite_pedestrian_scenario:=true
      pedestrian_scenario:="random_fast/8_straight.xml" project_name:="../../../../../../../Documents/publications/multi-mpc-2023/results/data"
    - source ../../devel/setup.zsh && cd lmpcc_tools/scripts && python3 experiments/planning_benchmark/main.py
      restore
    deps:
    - path: lmpcc/include/generated/ConfigurationGMPCC
      md5: 79e2560d2d34bd958301c2de78b91463
      size: 41
    - path: lmpcc_tools/scripts/experiments/planning_benchmark/set_parameters.py
      md5: a5a583c8c59cbf521b2f3e2b312a6f4b
      size: 693
    params:
      ../pedestrian_simulator/config/configuration.yaml:
        pedestrian_simulator.pedestrians.seed: 5
      lmpcc/config/path.yaml:
        global_path.x:
        - 0
        - 3
        - 6
        - 9
        - 12
        - 15
        - 18
        - 21
        - 24
        - 27
        - 30
        - 33
        - 36
        - 39
        - 42
        - 45
        - 50
    outs:
    - path: lmpcc_tools/scripts/data/../../../../../../../Documents/publications/multi-mpc-2023/results/data/random_fast-8_straight_GMPCC.txt
      md5: 370ada37e8588943f3a7419222819bdf
      size: 500254442
  evaluate@unstructured-easy:
    cmd: source ~/.zshrc && cd src/lmpcc/lmpcc_tools/scripts && python3 metrics.py
      random_fast-8_straight GMPCC && cd ../../../..
    deps:
    - path: lmpcc_tools/scripts/data/../../../../../../../Documents/publications/multi-mpc-2023/results/data/random_fast-8_straight_GMPCC.txt
      md5: 370ada37e8588943f3a7419222819bdf
      size: 500254442
    - path: lmpcc_tools/scripts/metrics.py
      md5: 30e37cd76cad3cf54652766c1440dfe3
      size: 6440
    outs:
    - path: lmpcc_tools/scripts/data/../../../../../../../Documents/publications/multi-mpc-2023/results/metrics/random_fast-8_straight/GMPCC.json
      md5: edb3518f96251f448968b2365ce20de0
      size: 4305
  run@unstructured-medium:
    cmd:
    - source ../../devel/setup.zsh && cd lmpcc_tools/scripts && python3 experiments/planning_benchmark/main.py
      parameters True
    - source ../../devel/setup.zsh && roslaunch lmpcc jackalsimulator.launch overwrite_pedestrian_scenario:=true
      pedestrian_scenario:="random_fast/12_straight.xml" project_name:="../../../../../../../Documents/publications/multi-mpc-2023/results/data"
    - source ../../devel/setup.zsh && cd lmpcc_tools/scripts && python3 experiments/planning_benchmark/main.py
      restore
    deps:
    - path: lmpcc/include/generated/ConfigurationGMPCC
      md5: 79e2560d2d34bd958301c2de78b91463
      size: 41
    - path: lmpcc_tools/scripts/experiments/planning_benchmark/set_parameters.py
      md5: a5a583c8c59cbf521b2f3e2b312a6f4b
      size: 693
    params:
      ../pedestrian_simulator/config/configuration.yaml:
        pedestrian_simulator.pedestrians.seed: 5
      lmpcc/config/path.yaml:
        global_path.x:
        - 0
        - 3
        - 6
        - 9
        - 12
        - 15
        - 18
        - 21
        - 24
        - 27
        - 30
        - 33
        - 36
        - 39
        - 42
        - 45
        - 50
    outs:
    - path: lmpcc_tools/scripts/data/../../../../../../../Documents/publications/multi-mpc-2023/results/data/random_fast-12_straight_GMPCC.txt
      md5: bfdc55cea0e1d31909d0a153b892c0fc
      size: 3447967
  run@unstructured-super-easy:
    cmd:
    - source ../../devel/setup.zsh && cd lmpcc_tools/scripts && python3 experiments/planning_benchmark/main.py
      parameters True
    - source ../../devel/setup.zsh && roslaunch lmpcc jackalsimulator.launch overwrite_pedestrian_scenario:=true
      pedestrian_scenario:="random_fast/4_straight.xml" project_name:="../../../../../../../Documents/publications/multi-mpc-2023/results/data"
    - source ../../devel/setup.zsh && cd lmpcc_tools/scripts && python3 experiments/planning_benchmark/main.py
      restore
    deps:
    - path: lmpcc/include/generated/ConfigurationGMPCC
      md5: 4883728f1a58542592286bd64e49c21a
      size: 41
    - path: lmpcc_tools/scripts/experiments/planning_benchmark/set_parameters.py
      md5: a5a583c8c59cbf521b2f3e2b312a6f4b
      size: 693
    params:
      ../pedestrian_simulator/config/configuration.yaml:
        pedestrian_simulator.pedestrians.seed: 5
      lmpcc/config/path.yaml:
        global_path.x:
        - 0
        - 3
        - 6
        - 9
        - 12
        - 15
        - 18
        - 21
        - 24
        - 27
        - 30
        - 33
        - 36
        - 39
        - 42
        - 45
        - 50
    outs:
    - path: lmpcc_tools/scripts/data/../../../../../../../Documents/publications/multi-mpc-2023/results/data/random_fast-4_straight_GMPCC.txt
      md5: 3252e9417e59929d028cd13fe728f2ca
      size: 475824591
  evaluate@unstructured-super-easy:
    cmd: source ~/.zshrc && cd src/lmpcc/lmpcc_tools/scripts && python3 metrics.py
      random_fast-4_straight GMPCC && cd ../../../..
    deps:
    - path: lmpcc_tools/scripts/data/../../../../../../../Documents/publications/multi-mpc-2023/results/data/random_fast-4_straight_GMPCC.txt
      md5: 3252e9417e59929d028cd13fe728f2ca
      size: 475824591
    - path: lmpcc_tools/scripts/metrics.py
      md5: 1f1a9cfc070c3a8d9db2ac3d86d6537e
      size: 6277
    outs:
    - path: lmpcc_tools/scripts/data/../../../../../../../Documents/publications/multi-mpc-2023/results/metrics/random_fast-4_straight/GMPCC.json
      md5: 4d1df02c9cba24cc83181c80f00f3483
      size: 4313
  evaluate@unstructured-medium:
    cmd: source ~/.zshrc && cd src/lmpcc/lmpcc_tools/scripts && python3 metrics.py
      random_fast-12_straight GMPCC && cd ../../../..
    deps:
    - path: lmpcc_tools/scripts/data/../../../../../../../Documents/publications/multi-mpc-2023/results/data/random_fast-12_straight_GMPCC.txt
      md5: bfdc55cea0e1d31909d0a153b892c0fc
      size: 3447967
    - path: lmpcc_tools/scripts/metrics.py
      md5: 30e37cd76cad3cf54652766c1440dfe3
      size: 6440
    outs:
    - path: lmpcc_tools/scripts/data/../../../../../../../Documents/publications/multi-mpc-2023/results/metrics/random_fast-12_straight/GMPCC.json
      md5: 0ca47ab039fc4cb4075d079c4b2f109d
      size: 4315
  compare@unstructured-medium:
    cmd: source ~/.zshrc && cd src/lmpcc/lmpcc_tools/scripts && python3 compare.py
      random_fast-12_straight
    deps:
    - path: lmpcc_tools/scripts/compare.py
      md5: a4986850d5fc6093f82ea51a5a1e324a
      size: 10626
    - path: lmpcc_tools/scripts/data/../../../../../../../Documents/publications/multi-mpc-2023/results/metrics/random_fast-12_straight/GMPCC.json
      md5: 0ca47ab039fc4cb4075d079c4b2f109d
      size: 4315
    outs:
    - path: lmpcc_tools/scripts/data/../../../../../../../Documents/publications/multi-mpc-2023/results/../latex/tables/random_fast-12_straight.tex
      md5: b651b8f5a3e44082c0c42e1625119ea4
      size: 482
  compare@unstructured-easy:
    cmd: source ~/.zshrc && cd src/lmpcc/lmpcc_tools/scripts && python3 compare.py
      random_fast-8_straight
    deps:
    - path: lmpcc_tools/scripts/compare.py
      md5: a4986850d5fc6093f82ea51a5a1e324a
      size: 10626
    - path: lmpcc_tools/scripts/data/../../../../../../../Documents/publications/multi-mpc-2023/results/metrics/random_fast-8_straight/GMPCC.json
      md5: edb3518f96251f448968b2365ce20de0
      size: 4305
    outs:
    - path: lmpcc_tools/scripts/data/../../../../../../../Documents/publications/multi-mpc-2023/results/../latex/tables/random_fast-8_straight.tex
      md5: e1fec7c818d6986fec95309c4e6e4d7c
      size: 480
  compare@unstructured-super-easy:
    cmd: source ~/.zshrc && cd src/lmpcc/lmpcc_tools/scripts && python3 compare.py
      random_fast-4_straight
    deps:
    - path: lmpcc_tools/scripts/compare.py
      md5: a4986850d5fc6093f82ea51a5a1e324a
      size: 10626
    - path: lmpcc_tools/scripts/data/../../../../../../../Documents/publications/multi-mpc-2023/results/metrics/random_fast-4_straight/GMPCC.json
      md5: 3d2a628b216c74e1f51c89f639c5eb38
      size: 4311
    outs:
    - path: lmpcc_tools/scripts/data/../../../../../../../Documents/publications/multi-mpc-2023/results/../latex/tables/random_fast-4_straight.tex
      md5: e60dfe39bd6234cff771d1f39641d229
      size: 481
  run-lmpcc@unstructured-super-easy:
    cmd:
    - source ../../devel/setup.zsh && cd lmpcc_tools/scripts && python3 experiments/planning_benchmark/main.py
      parameters True 0
    - source ../../devel/setup.zsh && roslaunch lmpcc jackalsimulator.launch overwrite_pedestrian_scenario:=true
      pedestrian_scenario:="random_fast/4_straight.xml" project_name:="../../../../../../../Documents/publications/multi-mpc-2023/results/data"
    - source ../../devel/setup.zsh && cd lmpcc_tools/scripts && python3 experiments/planning_benchmark/main.py
      restore
    deps:
    - path: lmpcc/include/generated/ConfigurationGMPCC
      md5: 79e2560d2d34bd958301c2de78b91463
      size: 41
    - path: lmpcc_tools/scripts/experiments/planning_benchmark/set_parameters.py
      md5: a5a583c8c59cbf521b2f3e2b312a6f4b
      size: 693
    params:
      ../pedestrian_simulator/config/configuration.yaml:
        pedestrian_simulator.pedestrians.seed: 5
      lmpcc/config/path.yaml:
        global_path.x:
        - 0
        - 3
        - 6
        - 9
        - 12
        - 15
        - 18
        - 21
        - 24
        - 27
        - 30
        - 33
        - 36
        - 39
        - 42
        - 45
        - 50
    outs:
    - path: lmpcc_tools/scripts/data/../../../../../../../Documents/publications/multi-mpc-2023/results/data/random_fast-4_straight_LMPCC.txt
      md5: c97cdc94e8f60c0fa2961aae7eb66e62
      size: 229210080
  evaluate-lmpcc@unstructured-super-easy:
    cmd: source ~/.zshrc && cd src/lmpcc/lmpcc_tools/scripts && python3 metrics.py
      random_fast-4_straight LMPCC && cd ../../../..
    deps:
    - path: lmpcc_tools/scripts/data/../../../../../../../Documents/publications/multi-mpc-2023/results/data/random_fast-4_straight_LMPCC.txt
      md5: c97cdc94e8f60c0fa2961aae7eb66e62
      size: 229210080
    - path: lmpcc_tools/scripts/metrics.py
      md5: 30e37cd76cad3cf54652766c1440dfe3
      size: 6440
    outs:
    - path: lmpcc_tools/scripts/data/../../../../../../../Documents/publications/multi-mpc-2023/results/metrics/random_fast-4_straight/LMPCC.json
      md5: 83d362b75b06466e00ecee80fa39c534
      size: 4255
  run-lmpcc@unstructured-medium:
    cmd:
    - source ../../devel/setup.zsh && cd lmpcc_tools/scripts && python3 experiments/planning_benchmark/main.py
      parameters True 0
    - source ../../devel/setup.zsh && roslaunch lmpcc jackalsimulator.launch overwrite_pedestrian_scenario:=true
      pedestrian_scenario:="random_fast/12_straight.xml" project_name:="../../../../../../../Documents/publications/multi-mpc-2023/results/data"
    - source ../../devel/setup.zsh && cd lmpcc_tools/scripts && python3 experiments/planning_benchmark/main.py
      restore
    deps:
    - path: lmpcc/include/generated/ConfigurationGMPCC
      md5: 79e2560d2d34bd958301c2de78b91463
      size: 41
    - path: lmpcc_tools/scripts/experiments/planning_benchmark/set_parameters.py
      md5: a5a583c8c59cbf521b2f3e2b312a6f4b
      size: 693
    params:
      ../pedestrian_simulator/config/configuration.yaml:
        pedestrian_simulator.pedestrians.seed: 5
      lmpcc/config/path.yaml:
        global_path.x:
        - 0
        - 3
        - 6
        - 9
        - 12
        - 15
        - 18
        - 21
        - 24
        - 27
        - 30
        - 33
        - 36
        - 39
        - 42
        - 45
        - 50
    outs:
    - path: lmpcc_tools/scripts/data/../../../../../../../Documents/publications/multi-mpc-2023/results/data/random_fast-12_straight_LMPCC.txt
      md5: f3417aea3d14d1d6850124b613754ecd
      size: 287509735
  run-lmpcc@unstructured:
    cmd:
    - source ../../devel/setup.zsh && cd lmpcc_tools/scripts && python3 experiments/planning_benchmark/main.py
      parameters True 0
    - source ../../devel/setup.zsh && roslaunch lmpcc jackalsimulator.launch overwrite_pedestrian_scenario:=true
      pedestrian_scenario:="random_fast/16_straight.xml" project_name:="../../../../../../../Documents/publications/multi-mpc-2023/results/data"
    - source ../../devel/setup.zsh && cd lmpcc_tools/scripts && python3 experiments/planning_benchmark/main.py
      restore
    deps:
    - path: lmpcc/include/generated/ConfigurationGMPCC
      md5: 79e2560d2d34bd958301c2de78b91463
      size: 41
    - path: lmpcc_tools/scripts/experiments/planning_benchmark/set_parameters.py
      md5: a5a583c8c59cbf521b2f3e2b312a6f4b
      size: 693
    params:
      ../pedestrian_simulator/config/configuration.yaml:
        pedestrian_simulator.pedestrians.seed: 5
      lmpcc/config/path.yaml:
        global_path.x:
        - 0
        - 3
        - 6
        - 9
        - 12
        - 15
        - 18
        - 21
        - 24
        - 27
        - 30
        - 33
        - 36
        - 39
        - 42
        - 45
        - 50
    outs:
    - path: lmpcc_tools/scripts/data/../../../../../../../Documents/publications/multi-mpc-2023/results/data/random_fast-16_straight_LMPCC.txt
      md5: ed6a237b15d5f191b43d3eb0ddf7bf53
      size: 304354427
  evaluate-lmpcc@unstructured:
    cmd: source ~/.zshrc && cd src/lmpcc/lmpcc_tools/scripts && python3 metrics.py
      random_fast-16_straight LMPCC && cd ../../../..
    deps:
    - path: lmpcc_tools/scripts/data/../../../../../../../Documents/publications/multi-mpc-2023/results/data/random_fast-16_straight_LMPCC.txt
      md5: ed6a237b15d5f191b43d3eb0ddf7bf53
      size: 304354427
    - path: lmpcc_tools/scripts/metrics.py
      md5: 30e37cd76cad3cf54652766c1440dfe3
      size: 6440
    outs:
    - path: lmpcc_tools/scripts/data/../../../../../../../Documents/publications/multi-mpc-2023/results/metrics/random_fast-16_straight/LMPCC.json
      md5: 93e38b5e99388a2b6756061f33bb85ea
      size: 4134
  evaluate-lmpcc@unstructured-medium:
    cmd: source ~/.zshrc && cd src/lmpcc/lmpcc_tools/scripts && python3 metrics.py
      random_fast-12_straight LMPCC && cd ../../../..
    deps:
    - path: lmpcc_tools/scripts/data/../../../../../../../Documents/publications/multi-mpc-2023/results/data/random_fast-12_straight_LMPCC.txt
      md5: f3417aea3d14d1d6850124b613754ecd
      size: 287509735
    - path: lmpcc_tools/scripts/metrics.py
      md5: 30e37cd76cad3cf54652766c1440dfe3
      size: 6440
    outs:
    - path: lmpcc_tools/scripts/data/../../../../../../../Documents/publications/multi-mpc-2023/results/metrics/random_fast-12_straight/LMPCC.json
      md5: 3df9c8f635ac7c528d138894c09dfeff
      size: 4197
  run-lmpcc@unstructured-easy:
    cmd:
    - source ../../devel/setup.zsh && cd lmpcc_tools/scripts && python3 experiments/planning_benchmark/main.py
      parameters True 0
    - source ../../devel/setup.zsh && roslaunch lmpcc jackalsimulator.launch overwrite_pedestrian_scenario:=true
      pedestrian_scenario:="random_fast/8_straight.xml" project_name:="../../../../../../../Documents/publications/multi-mpc-2023/results/data"
    - source ../../devel/setup.zsh && cd lmpcc_tools/scripts && python3 experiments/planning_benchmark/main.py
      restore
    deps:
    - path: lmpcc/include/generated/ConfigurationGMPCC
      md5: 79e2560d2d34bd958301c2de78b91463
      size: 41
    - path: lmpcc_tools/scripts/experiments/planning_benchmark/set_parameters.py
      md5: a5a583c8c59cbf521b2f3e2b312a6f4b
      size: 693
    params:
      ../pedestrian_simulator/config/configuration.yaml:
        pedestrian_simulator.pedestrians.seed: 5
      lmpcc/config/path.yaml:
        global_path.x:
        - 0
        - 3
        - 6
        - 9
        - 12
        - 15
        - 18
        - 21
        - 24
        - 27
        - 30
        - 33
        - 36
        - 39
        - 42
        - 45
        - 50
    outs:
    - path: lmpcc_tools/scripts/data/../../../../../../../Documents/publications/multi-mpc-2023/results/data/random_fast-8_straight_LMPCC.txt
      md5: aab6c090d090a0f95f8aec08b954da62
      size: 253271026
  evaluate-lmpcc@unstructured-easy:
    cmd: source ~/.zshrc && cd src/lmpcc/lmpcc_tools/scripts && python3 metrics.py
      random_fast-8_straight LMPCC && cd ../../../..
    deps:
    - path: lmpcc_tools/scripts/data/../../../../../../../Documents/publications/multi-mpc-2023/results/data/random_fast-8_straight_LMPCC.txt
      md5: aab6c090d090a0f95f8aec08b954da62
      size: 253271026
    - path: lmpcc_tools/scripts/metrics.py
      md5: 30e37cd76cad3cf54652766c1440dfe3
      size: 6440
    outs:
    - path: lmpcc_tools/scripts/data/../../../../../../../Documents/publications/multi-mpc-2023/results/metrics/random_fast-8_straight/LMPCC.json
      md5: dba47735d9814d2e313901aed0d2a9db
      size: 4283
  run@high-risk:
    cmd:
    - source ../../devel/setup.zsh && cd lmpcc_tools/scripts && python3 experiments/qualitative_uncertainty/main.py
      parameters True 0.1 4
    - source ../../devel/setup.zsh && roslaunch lmpcc jackalsimulator.launch overwrite_pedestrian_scenario:=true
      pedestrian_scenario:="random_fast/12_straight.xml" project_name:="../../../../../../../Documents/publications/multi-mpc-2023/results/data"
    - source ../../devel/setup.zsh && cd lmpcc_tools/scripts && python3 experiments/qualitative_uncertainty/main.py
      restore
    deps:
    - path: lmpcc/include/generated/ConfigurationGMPCC
      md5: dddc4c2bf12c25258c3d6c65161c03a0
      size: 41
    - path: lmpcc_tools/scripts/experiments/qualitative_uncertainty/set_parameters.py
      md5: 477fbb834fe207ad45851134ccd0f78e
      size: 1094
    params:
      ../pedestrian_simulator/config/configuration.yaml:
        pedestrian_simulator.pedestrians.seed: 5
    outs:
    - path: lmpcc_tools/scripts/data/../../../../../../../Documents/publications/multi-mpc-2023/results/data/1-random_fast-12_straight_GMPCC.txt
      md5: d15fa437e3d6a4215b9644907c5453aa
      size: 539413693
  run@mid-risk:
    cmd:
    - source ../../devel/setup.zsh && cd lmpcc_tools/scripts && python3 experiments/qualitative_uncertainty/main.py
      parameters True 0.01 4
    - source ../../devel/setup.zsh && roslaunch lmpcc jackalsimulator.launch overwrite_pedestrian_scenario:=true
      pedestrian_scenario:="random_fast/12_straight.xml" project_name:="../../../../../../../Documents/publications/multi-mpc-2023/results/data"
    - source ../../devel/setup.zsh && cd lmpcc_tools/scripts && python3 experiments/qualitative_uncertainty/main.py
      restore
    deps:
    - path: lmpcc/include/generated/ConfigurationGMPCC
      md5: dddc4c2bf12c25258c3d6c65161c03a0
      size: 41
    - path: lmpcc_tools/scripts/experiments/qualitative_uncertainty/set_parameters.py
      md5: 477fbb834fe207ad45851134ccd0f78e
      size: 1094
    params:
      ../pedestrian_simulator/config/configuration.yaml:
        pedestrian_simulator.pedestrians.seed: 5
    outs:
    - path: lmpcc_tools/scripts/data/../../../../../../../Documents/publications/multi-mpc-2023/results/data/01-random_fast-12_straight_GMPCC.txt
      md5: 3f439777f365f7d21e449891444aaef9
      size: 561430493
  evaluate@high-risk:
    cmd: source ~/.zshrc && cd src/lmpcc/lmpcc_tools/scripts && python3 metrics.py
      1-random_fast-12_straight GMPCC && cd ../../../..
    deps:
    - path: lmpcc_tools/scripts/data/../../../../../../../Documents/publications/multi-mpc-2023/results/data/1-random_fast-12_straight_GMPCC.txt
      md5: d15fa437e3d6a4215b9644907c5453aa
      size: 539413693
    outs:
    - path: lmpcc_tools/scripts/data/../../../../../../../Documents/publications/multi-mpc-2023/results/metrics/1-random_fast-12_straight/GMPCC.json
      md5: 85ac086a66ae01a0b86dec4ce6081c8c
      size: 5079
  evaluate@mid-risk:
    cmd: source ~/.zshrc && cd src/lmpcc/lmpcc_tools/scripts && python3 metrics.py
      01-random_fast-12_straight GMPCC && cd ../../../..
    deps:
    - path: lmpcc_tools/scripts/data/../../../../../../../Documents/publications/multi-mpc-2023/results/data/01-random_fast-12_straight_GMPCC.txt
      md5: 3f439777f365f7d21e449891444aaef9
      size: 561430493
    outs:
    - path: lmpcc_tools/scripts/data/../../../../../../../Documents/publications/multi-mpc-2023/results/metrics/01-random_fast-12_straight/GMPCC.json
      md5: d5602746c58711f893f10752be555bb2
      size: 4976
  run@low-risk:
    cmd:
    - source ../../devel/setup.zsh && cd lmpcc_tools/scripts && python3 experiments/qualitative_uncertainty/main.py
      parameters True 0.001 4
    - source ../../devel/setup.zsh && roslaunch lmpcc jackalsimulator.launch overwrite_pedestrian_scenario:=true
      pedestrian_scenario:="random_fast/12_straight.xml" project_name:="../../../../../../../Documents/publications/multi-mpc-2023/results/data"
    - source ../../devel/setup.zsh && cd lmpcc_tools/scripts && python3 experiments/qualitative_uncertainty/main.py
      restore
    deps:
    - path: lmpcc/include/generated/ConfigurationGMPCC
      md5: dddc4c2bf12c25258c3d6c65161c03a0
      size: 41
    - path: lmpcc_tools/scripts/experiments/qualitative_uncertainty/set_parameters.py
      md5: 477fbb834fe207ad45851134ccd0f78e
      size: 1094
    params:
      ../pedestrian_simulator/config/configuration.yaml:
        pedestrian_simulator.pedestrians.seed: 5
    outs:
    - path: lmpcc_tools/scripts/data/../../../../../../../Documents/publications/multi-mpc-2023/results/data/001-random_fast-12_straight_GMPCC.txt
      md5: 31c95adfff0cbcd5a01c9d9b6edfbfed
      size: 597271637
  evaluate@low-risk:
    cmd: source ~/.zshrc && cd src/lmpcc/lmpcc_tools/scripts && python3 metrics.py
      001-random_fast-12_straight GMPCC && cd ../../../..
    deps:
    - path: lmpcc_tools/scripts/data/../../../../../../../Documents/publications/multi-mpc-2023/results/data/001-random_fast-12_straight_GMPCC.txt
      md5: 31c95adfff0cbcd5a01c9d9b6edfbfed
      size: 597271637
    outs:
    - path: lmpcc_tools/scripts/data/../../../../../../../Documents/publications/multi-mpc-2023/results/metrics/001-random_fast-12_straight/GMPCC.json
      md5: 4c164ee70ffff59df8fb8d378192a63f
      size: 4974
  run-lmpcc@high-risk:
    cmd:
    - source ../../devel/setup.zsh && cd lmpcc_tools/scripts && python3 experiments/qualitative_uncertainty/main.py
      parameters True 0.1 0
    - source ../../devel/setup.zsh && roslaunch lmpcc jackalsimulator.launch overwrite_pedestrian_scenario:=true
      pedestrian_scenario:="random_fast/12_straight.xml" project_name:="../../../../../../../Documents/publications/multi-mpc-2023/results/data"
    - source ../../devel/setup.zsh && cd lmpcc_tools/scripts && python3 experiments/qualitative_uncertainty/main.py
      restore
    deps:
    - path: lmpcc/include/generated/ConfigurationGMPCC
      md5: dddc4c2bf12c25258c3d6c65161c03a0
      size: 41
    - path: lmpcc_tools/scripts/experiments/qualitative_uncertainty/set_parameters.py
      md5: 477fbb834fe207ad45851134ccd0f78e
      size: 1094
    params:
      ../pedestrian_simulator/config/configuration.yaml:
        pedestrian_simulator.pedestrians.seed: 5
    outs:
    - path: lmpcc_tools/scripts/data/../../../../../../../Documents/publications/multi-mpc-2023/results/data/1-random_fast-12_straight_LMPCC.txt
      md5: 28aa9234dcf9ac4cfb4fd9dd124dc48e
      size: 293324069
  run-lmpcc@low-risk:
    cmd:
    - source ../../devel/setup.zsh && cd lmpcc_tools/scripts && python3 experiments/qualitative_uncertainty/main.py
      parameters True 0.001 0
    - source ../../devel/setup.zsh && roslaunch lmpcc jackalsimulator.launch overwrite_pedestrian_scenario:=true
      pedestrian_scenario:="random_fast/12_straight.xml" project_name:="../../../../../../../Documents/publications/multi-mpc-2023/results/data"
    - source ../../devel/setup.zsh && cd lmpcc_tools/scripts && python3 experiments/qualitative_uncertainty/main.py
      restore
    deps:
    - path: lmpcc/include/generated/ConfigurationGMPCC
      md5: dddc4c2bf12c25258c3d6c65161c03a0
      size: 41
    - path: lmpcc_tools/scripts/experiments/qualitative_uncertainty/set_parameters.py
      md5: 477fbb834fe207ad45851134ccd0f78e
      size: 1094
    params:
      ../pedestrian_simulator/config/configuration.yaml:
        pedestrian_simulator.pedestrians.seed: 5
    outs:
    - path: lmpcc_tools/scripts/data/../../../../../../../Documents/publications/multi-mpc-2023/results/data/001-random_fast-12_straight_LMPCC.txt
      md5: 52a71070f6d3e30e3f9128e2edc3e10b
      size: 332090045
  evaluate-lmpcc@low-risk:
    cmd: source ~/.zshrc && cd src/lmpcc/lmpcc_tools/scripts && python3 metrics.py
      001-random_fast-12_straight LMPCC && cd ../../../..
    deps:
    - path: lmpcc_tools/scripts/data/../../../../../../../Documents/publications/multi-mpc-2023/results/data/001-random_fast-12_straight_LMPCC.txt
      md5: 52a71070f6d3e30e3f9128e2edc3e10b
      size: 332090045
    outs:
    - path: lmpcc_tools/scripts/data/../../../../../../../Documents/publications/multi-mpc-2023/results/metrics/001-random_fast-12_straight/LMPCC.json
      md5: 2d84bf1800541a2001ba6fa685e5a88f
      size: 5025
  run-lmpcc@mid-risk:
    cmd:
    - source ../../devel/setup.zsh && cd lmpcc_tools/scripts && python3 experiments/qualitative_uncertainty/main.py
      parameters True 0.01 0
    - source ../../devel/setup.zsh && roslaunch lmpcc jackalsimulator.launch overwrite_pedestrian_scenario:=true
      pedestrian_scenario:="random_fast/12_straight.xml" project_name:="../../../../../../../Documents/publications/multi-mpc-2023/results/data"
    - source ../../devel/setup.zsh && cd lmpcc_tools/scripts && python3 experiments/qualitative_uncertainty/main.py
      restore
    deps:
    - path: lmpcc/include/generated/ConfigurationGMPCC
      md5: dddc4c2bf12c25258c3d6c65161c03a0
      size: 41
    - path: lmpcc_tools/scripts/experiments/qualitative_uncertainty/set_parameters.py
      md5: 477fbb834fe207ad45851134ccd0f78e
      size: 1094
    params:
      ../pedestrian_simulator/config/configuration.yaml:
        pedestrian_simulator.pedestrians.seed: 5
    outs:
    - path: lmpcc_tools/scripts/data/../../../../../../../Documents/publications/multi-mpc-2023/results/data/01-random_fast-12_straight_LMPCC.txt
      md5: ecf46eb5366ee9fb9213a0f061820617
      size: 314965838
  evaluate-lmpcc@high-risk:
    cmd: source ~/.zshrc && cd src/lmpcc/lmpcc_tools/scripts && python3 metrics.py
      1-random_fast-12_straight LMPCC && cd ../../../..
    deps:
    - path: lmpcc_tools/scripts/data/../../../../../../../Documents/publications/multi-mpc-2023/results/data/1-random_fast-12_straight_LMPCC.txt
      md5: 28aa9234dcf9ac4cfb4fd9dd124dc48e
      size: 293324069
    outs:
    - path: lmpcc_tools/scripts/data/../../../../../../../Documents/publications/multi-mpc-2023/results/metrics/1-random_fast-12_straight/LMPCC.json
      md5: 5589958da8fbaac0bbb700fe41a7dcd1
      size: 5039
  evaluate-lmpcc@mid-risk:
    cmd: source ~/.zshrc && cd src/lmpcc/lmpcc_tools/scripts && python3 metrics.py
      01-random_fast-12_straight LMPCC && cd ../../../..
    deps:
    - path: lmpcc_tools/scripts/data/../../../../../../../Documents/publications/multi-mpc-2023/results/data/01-random_fast-12_straight_LMPCC.txt
      md5: ecf46eb5366ee9fb9213a0f061820617
      size: 314965838
    outs:
    - path: lmpcc_tools/scripts/data/../../../../../../../Documents/publications/multi-mpc-2023/results/metrics/01-random_fast-12_straight/LMPCC.json
      md5: 5b572484754de24f85087b237fe3c711
      size: 5002
